// !$*UTF8*$!
{
	archiveVersion = 1;
	classes = {
	};
	objectVersion = 50;
	objects = {

/* Begin PBXBuildFile section */
		91264F362350B9D90012D871 /* URLReply+YLD.swift in Sources */ = {isa = PBXBuildFile; fileRef = 91264F352350B9D90012D871 /* URLReply+YLD.swift */; };
		91264F382350C6160012D871 /* Result+YLD.swift in Sources */ = {isa = PBXBuildFile; fileRef = 91264F372350C6160012D871 /* Result+YLD.swift */; };
		91264F3A2350C7E60012D871 /* ResultTests.swift in Sources */ = {isa = PBXBuildFile; fileRef = 91264F392350C7E60012D871 /* ResultTests.swift */; };
		91303F3423604EB6009000E0 /* TimeZone+YLD.swift in Sources */ = {isa = PBXBuildFile; fileRef = 91303F3323604EB6009000E0 /* TimeZone+YLD.swift */; };
		91303F3623604ECD009000E0 /* HTTPRecorder.swift in Sources */ = {isa = PBXBuildFile; fileRef = 91303F3523604ECD009000E0 /* HTTPRecorder.swift */; };
		91303F3823605B7B009000E0 /* UIBarButtonItem+YLD.swift in Sources */ = {isa = PBXBuildFile; fileRef = 91303F3723605B7B009000E0 /* UIBarButtonItem+YLD.swift */; };
		91303F3B23607C68009000E0 /* Localizable.stringsdict in Resources */ = {isa = PBXBuildFile; fileRef = 91303F3D23607C68009000E0 /* Localizable.stringsdict */; };
		91303F4023607EE5009000E0 /* ExtraTargetingController.swift in Sources */ = {isa = PBXBuildFile; fileRef = 91303F3F23607EE5009000E0 /* ExtraTargetingController.swift */; };
		913A5819235F176600440DB1 /* AppNameDecoratorTests.swift in Sources */ = {isa = PBXBuildFile; fileRef = 913A5818235F176600440DB1 /* AppNameDecoratorTests.swift */; };
		913A581B235F17E500440DB1 /* AppNameDecorator.swift in Sources */ = {isa = PBXBuildFile; fileRef = 913A581A235F17E500440DB1 /* AppNameDecorator.swift */; };
		913A581D235F2EB900440DB1 /* UIColor+YLD.swift in Sources */ = {isa = PBXBuildFile; fileRef = 913A581C235F2EB900440DB1 /* UIColor+YLD.swift */; };
		915618C8234B257A00D5F530 /* HighPrecisionClock.swift in Sources */ = {isa = PBXBuildFile; fileRef = 915618C7234B257A00D5F530 /* HighPrecisionClock.swift */; };
		915618CA234B25A200D5F530 /* CacheBuster.swift in Sources */ = {isa = PBXBuildFile; fileRef = 915618C9234B25A200D5F530 /* CacheBuster.swift */; };
		915618CC234B299C00D5F530 /* URLComponents+YLD.swift in Sources */ = {isa = PBXBuildFile; fileRef = 915618CB234B299C00D5F530 /* URLComponents+YLD.swift */; };
		915618CE234B29AD00D5F530 /* URLComponentsTests.swift in Sources */ = {isa = PBXBuildFile; fileRef = 915618CD234B29AD00D5F530 /* URLComponentsTests.swift */; };
		915618D0234B2FDB00D5F530 /* ConsentDecorator.swift in Sources */ = {isa = PBXBuildFile; fileRef = 915618CF234B2FDB00D5F530 /* ConsentDecorator.swift */; };
		915618D2234B30F600D5F530 /* ConsentDecoratorTests.swift in Sources */ = {isa = PBXBuildFile; fileRef = 915618D1234B30F600D5F530 /* ConsentDecoratorTests.swift */; };
		915618D4234B3D9100D5F530 /* URLDecorator.swift in Sources */ = {isa = PBXBuildFile; fileRef = 915618D3234B3D9100D5F530 /* URLDecorator.swift */; };
		915618D6234B3DDF00D5F530 /* URL+YLD.swift in Sources */ = {isa = PBXBuildFile; fileRef = 915618D5234B3DDF00D5F530 /* URL+YLD.swift */; };
		915618D8234B3F1500D5F530 /* UserDefaults+YLD.swift in Sources */ = {isa = PBXBuildFile; fileRef = 915618D7234B3F1500D5F530 /* UserDefaults+YLD.swift */; };
		915618DA234B409200D5F530 /* UserDefaultsTests.swift in Sources */ = {isa = PBXBuildFile; fileRef = 915618D9234B409200D5F530 /* UserDefaultsTests.swift */; };
		915618DC234B483400D5F530 /* LocationDecorator.swift in Sources */ = {isa = PBXBuildFile; fileRef = 915618DB234B483400D5F530 /* LocationDecorator.swift */; };
		915618DE234B6ED600D5F530 /* LocationDecoratorTests.swift in Sources */ = {isa = PBXBuildFile; fileRef = 915618DD234B6ED600D5F530 /* LocationDecoratorTests.swift */; };
		915618E0234B6FC100D5F530 /* CLLocationManager+YLD.swift in Sources */ = {isa = PBXBuildFile; fileRef = 915618DF234B6FC100D5F530 /* CLLocationManager+YLD.swift */; };
		915618E2234B954800D5F530 /* IDFADecorator.swift in Sources */ = {isa = PBXBuildFile; fileRef = 915618E1234B954800D5F530 /* IDFADecorator.swift */; };
		915618E4234B956F00D5F530 /* IDFADecoratorTests.swift in Sources */ = {isa = PBXBuildFile; fileRef = 915618E3234B956E00D5F530 /* IDFADecoratorTests.swift */; };
		915618E6234B973600D5F530 /* ASIdentifierManager+YLD.swift in Sources */ = {isa = PBXBuildFile; fileRef = 915618E5234B973600D5F530 /* ASIdentifierManager+YLD.swift */; };
		915C8A7923437B4500746E7E /* CanaryTests.swift in Sources */ = {isa = PBXBuildFile; fileRef = 915C8A7823437B4500746E7E /* CanaryTests.swift */; };
		915C8AB82343855400746E7E /* Yieldprobe.swift in Sources */ = {isa = PBXBuildFile; fileRef = 915C8AB72343855400746E7E /* Yieldprobe.swift */; };
		915C8AC0234385D400746E7E /* AppDelegate.swift in Sources */ = {isa = PBXBuildFile; fileRef = 915C8ABF234385D400746E7E /* AppDelegate.swift */; };
		915C8AC2234385D400746E7E /* SceneDelegate.swift in Sources */ = {isa = PBXBuildFile; fileRef = 915C8AC1234385D400746E7E /* SceneDelegate.swift */; };
		915C8AC4234385D400746E7E /* SetupViewController.swift in Sources */ = {isa = PBXBuildFile; fileRef = 915C8AC3234385D400746E7E /* SetupViewController.swift */; };
		915C8AC7234385D400746E7E /* Main.storyboard in Resources */ = {isa = PBXBuildFile; fileRef = 915C8AC5234385D400746E7E /* Main.storyboard */; };
		915C8AC9234385DA00746E7E /* Assets.xcassets in Resources */ = {isa = PBXBuildFile; fileRef = 915C8AC8234385DA00746E7E /* Assets.xcassets */; };
		915C8ACC234385DA00746E7E /* LaunchScreen.storyboard in Resources */ = {isa = PBXBuildFile; fileRef = 915C8ACA234385DA00746E7E /* LaunchScreen.storyboard */; };
		915C8AD42343871400746E7E /* Yieldprobe.framework in Frameworks */ = {isa = PBXBuildFile; fileRef = 915C8AAA234384FC00746E7E /* Yieldprobe.framework */; };
		915C8AD52343871400746E7E /* Yieldprobe.framework in Embed Frameworks */ = {isa = PBXBuildFile; fileRef = 915C8AAA234384FC00746E7E /* Yieldprobe.framework */; settings = {ATTRIBUTES = (CodeSignOnCopy, RemoveHeadersOnCopy, ); }; };
		915C8ADB2343897600746E7E /* HTTPClient.swift in Sources */ = {isa = PBXBuildFile; fileRef = 915C8ADA2343897600746E7E /* HTTPClient.swift */; };
		915C8ADD234389BA00746E7E /* URLSession+YLD.swift in Sources */ = {isa = PBXBuildFile; fileRef = 915C8ADC234389BA00746E7E /* URLSession+YLD.swift */; };
		915C8AE123438BAD00746E7E /* YieldprobeTests.swift in Sources */ = {isa = PBXBuildFile; fileRef = 915C8AE023438BAD00746E7E /* YieldprobeTests.swift */; };
		915C8AE323438C0800746E7E /* HTTPMock.swift in Sources */ = {isa = PBXBuildFile; fileRef = 915C8AE223438C0800746E7E /* HTTPMock.swift */; };
		916223762366DC7600795C40 /* XCTest+YLD.swift in Sources */ = {isa = PBXBuildFile; fileRef = 916223752366DC7600795C40 /* XCTest+YLD.swift */; };
		917488F3235EEAA20099ECDD /* BundleIDDecorator.swift in Sources */ = {isa = PBXBuildFile; fileRef = 917488F2235EEAA20099ECDD /* BundleIDDecorator.swift */; };
		917488F5235EEB3A0099ECDD /* BundleIDDecoratorTests.swift in Sources */ = {isa = PBXBuildFile; fileRef = 917488F4235EEB3A0099ECDD /* BundleIDDecoratorTests.swift */; };
		91793D4A234C6E04004DB72D /* DeviceTypeDecorator.swift in Sources */ = {isa = PBXBuildFile; fileRef = 91793D49234C6E04004DB72D /* DeviceTypeDecorator.swift */; };
		91793D4C234C6E12004DB72D /* DeviceTypeDecoratorTests.swift in Sources */ = {isa = PBXBuildFile; fileRef = 91793D4B234C6E12004DB72D /* DeviceTypeDecoratorTests.swift */; };
		91793D4E234C80C3004DB72D /* UIDevice+YLD.swift in Sources */ = {isa = PBXBuildFile; fileRef = 91793D4D234C80C3004DB72D /* UIDevice+YLD.swift */; };
		91793D50234CAA4A004DB72D /* UIDeviceTests.swift in Sources */ = {isa = PBXBuildFile; fileRef = 91793D4F234CAA4A004DB72D /* UIDeviceTests.swift */; };
		91793D52234CB0D6004DB72D /* ConnectivityDecorator.swift in Sources */ = {isa = PBXBuildFile; fileRef = 91793D51234CB0D6004DB72D /* ConnectivityDecorator.swift */; };
		91793D54234CB0E7004DB72D /* ConnectivityDecoratorTests.swift in Sources */ = {isa = PBXBuildFile; fileRef = 91793D53234CB0E7004DB72D /* ConnectivityDecoratorTests.swift */; };
		9184845223561CF30040C53E /* CacheBusterTests.swift in Sources */ = {isa = PBXBuildFile; fileRef = 9184845123561CF30040C53E /* CacheBusterTests.swift */; };
		919305802368453E00B4EB87 /* Dispatch+YLD.swift in Sources */ = {isa = PBXBuildFile; fileRef = 9193057F2368453E00B4EB87 /* Dispatch+YLD.swift */; };
		91AA09372356227D00D521D8 /* Collection+YLD.swift in Sources */ = {isa = PBXBuildFile; fileRef = 91AA09362356227D00D521D8 /* Collection+YLD.swift */; };
		91ACB8C42355D884002FD908 /* SwitchCell.swift in Sources */ = {isa = PBXBuildFile; fileRef = 91ACB8C32355D884002FD908 /* SwitchCell.swift */; };
		91ACB8C62355ECAA002FD908 /* Settings.bundle in Resources */ = {isa = PBXBuildFile; fileRef = 91ACB8C52355ECAA002FD908 /* Settings.bundle */; };
		91B283B5234DB6770055DB7F /* DefaultConnectivitySource.swift in Sources */ = {isa = PBXBuildFile; fileRef = 91B283B4234DB6770055DB7F /* DefaultConnectivitySource.swift */; };
		91B283B7234DB72B0055DB7F /* DefaultConnectivitySourceTests.swift in Sources */ = {isa = PBXBuildFile; fileRef = 91B283B6234DB72B0055DB7F /* DefaultConnectivitySourceTests.swift */; };
		91B283B9234DC1520055DB7F /* NWPathMonitor+YLD.swift in Sources */ = {isa = PBXBuildFile; fileRef = 91B283B8234DC1520055DB7F /* NWPathMonitor+YLD.swift */; };
		91BB8F382357036E00D01816 /* HTTPClientTests.swift in Sources */ = {isa = PBXBuildFile; fileRef = 91BB8F372357036E00D01816 /* HTTPClientTests.swift */; };
		91C40883234F2AAC00D0DC71 /* Configuration.swift in Sources */ = {isa = PBXBuildFile; fileRef = 91C40882234F2AAC00D0DC71 /* Configuration.swift */; };
		91C40885234F30B800D0DC71 /* PIIDDecoratorFilter.swift in Sources */ = {isa = PBXBuildFile; fileRef = 91C40884234F30B800D0DC71 /* PIIDDecoratorFilter.swift */; };
		91C40887234F7EFE00D0DC71 /* Bid.swift in Sources */ = {isa = PBXBuildFile; fileRef = 91C40886234F7EFE00D0DC71 /* Bid.swift */; };
		91C4088923507B9A00D0DC71 /* BidTests.swift in Sources */ = {isa = PBXBuildFile; fileRef = 91C4088823507B9A00D0DC71 /* BidTests.swift */; };
		91C4088B2350A42B00D0DC71 /* Set+YLD.swift in Sources */ = {isa = PBXBuildFile; fileRef = 91C4088A2350A42B00D0DC71 /* Set+YLD.swift */; };
		91D8646923477BF4006E6563 /* URL+YLD.swift in Sources */ = {isa = PBXBuildFile; fileRef = 91D8646823477BF4006E6563 /* URL+YLD.swift */; };
		91D8646B234794DB006E6563 /* URLSessionTests.swift in Sources */ = {isa = PBXBuildFile; fileRef = 91D8646A234794DB006E6563 /* URLSessionTests.swift */; };
		91EC3898235462B4003B9831 /* ExampleSlot.swift in Sources */ = {isa = PBXBuildFile; fileRef = 91EC3897235462B4003B9831 /* ExampleSlot.swift */; };
		91EC389A23548BDF003B9831 /* ValidationViewController.swift in Sources */ = {isa = PBXBuildFile; fileRef = 91EC389923548BDE003B9831 /* ValidationViewController.swift */; };
		91EC389B23548C44003B9831 /* HighPrecisionClock.swift in Sources */ = {isa = PBXBuildFile; fileRef = 915618C7234B257A00D5F530 /* HighPrecisionClock.swift */; };
		91EF5DFB2357522F0048F06A /* ExtraTargetingDecorator.swift in Sources */ = {isa = PBXBuildFile; fileRef = 91EF5DFA2357522F0048F06A /* ExtraTargetingDecorator.swift */; };
		91EF5DFD235752750048F06A /* ExtraTargetingDecoratorTests.swift in Sources */ = {isa = PBXBuildFile; fileRef = 91EF5DFC235752750048F06A /* ExtraTargetingDecoratorTests.swift */; };
		91EF5E0223575A270048F06A /* HighPrecisionClock+YLD.swift in Sources */ = {isa = PBXBuildFile; fileRef = 91EF5DFE2357596E0048F06A /* HighPrecisionClock+YLD.swift */; };
/* End PBXBuildFile section */

/* Begin PBXContainerItemProxy section */
		915C8AD12343870700746E7E /* PBXContainerItemProxy */ = {
			isa = PBXContainerItemProxy;
			containerPortal = 915C8A392343724A00746E7E /* Project object */;
			proxyType = 1;
			remoteGlobalIDString = 915C8ABC234385D400746E7E;
			remoteInfo = "Test Host";
		};
		915C8AD62343871400746E7E /* PBXContainerItemProxy */ = {
			isa = PBXContainerItemProxy;
			containerPortal = 915C8A392343724A00746E7E /* Project object */;
			proxyType = 1;
			remoteGlobalIDString = 915C8AA9234384FC00746E7E;
			remoteInfo = Yieldprobe;
		};
		915C8AE423438D1500746E7E /* PBXContainerItemProxy */ = {
			isa = PBXContainerItemProxy;
			containerPortal = 915C8A392343724A00746E7E /* Project object */;
			proxyType = 1;
			remoteGlobalIDString = 915C8AA9234384FC00746E7E;
			remoteInfo = Yieldprobe;
		};
/* End PBXContainerItemProxy section */

/* Begin PBXCopyFilesBuildPhase section */
		915C8AD82343871400746E7E /* Embed Frameworks */ = {
			isa = PBXCopyFilesBuildPhase;
			buildActionMask = 2147483647;
			dstPath = "";
			dstSubfolderSpec = 10;
			files = (
				915C8AD52343871400746E7E /* Yieldprobe.framework in Embed Frameworks */,
			);
			name = "Embed Frameworks";
			runOnlyForDeploymentPostprocessing = 0;
		};
/* End PBXCopyFilesBuildPhase section */

/* Begin PBXFileReference section */
		91264F352350B9D90012D871 /* URLReply+YLD.swift */ = {isa = PBXFileReference; lastKnownFileType = sourcecode.swift; path = "URLReply+YLD.swift"; sourceTree = "<group>"; };
		91264F372350C6160012D871 /* Result+YLD.swift */ = {isa = PBXFileReference; lastKnownFileType = sourcecode.swift; path = "Result+YLD.swift"; sourceTree = "<group>"; };
		91264F392350C7E60012D871 /* ResultTests.swift */ = {isa = PBXFileReference; lastKnownFileType = sourcecode.swift; path = ResultTests.swift; sourceTree = "<group>"; };
		91303F3323604EB6009000E0 /* TimeZone+YLD.swift */ = {isa = PBXFileReference; lastKnownFileType = sourcecode.swift; path = "TimeZone+YLD.swift"; sourceTree = "<group>"; };
		91303F3523604ECD009000E0 /* HTTPRecorder.swift */ = {isa = PBXFileReference; lastKnownFileType = sourcecode.swift; path = HTTPRecorder.swift; sourceTree = "<group>"; };
		91303F3723605B7B009000E0 /* UIBarButtonItem+YLD.swift */ = {isa = PBXFileReference; lastKnownFileType = sourcecode.swift; path = "UIBarButtonItem+YLD.swift"; sourceTree = "<group>"; };
		91303F3C23607C68009000E0 /* en */ = {isa = PBXFileReference; lastKnownFileType = text.plist.stringsdict; name = en; path = en.lproj/Localizable.stringsdict; sourceTree = "<group>"; };
		91303F3F23607EE5009000E0 /* ExtraTargetingController.swift */ = {isa = PBXFileReference; lastKnownFileType = sourcecode.swift; path = ExtraTargetingController.swift; sourceTree = "<group>"; };
		913A5818235F176600440DB1 /* AppNameDecoratorTests.swift */ = {isa = PBXFileReference; lastKnownFileType = sourcecode.swift; path = AppNameDecoratorTests.swift; sourceTree = "<group>"; };
		913A581A235F17E500440DB1 /* AppNameDecorator.swift */ = {isa = PBXFileReference; lastKnownFileType = sourcecode.swift; path = AppNameDecorator.swift; sourceTree = "<group>"; };
		913A581C235F2EB900440DB1 /* UIColor+YLD.swift */ = {isa = PBXFileReference; lastKnownFileType = sourcecode.swift; path = "UIColor+YLD.swift"; sourceTree = "<group>"; };
		915618C7234B257A00D5F530 /* HighPrecisionClock.swift */ = {isa = PBXFileReference; lastKnownFileType = sourcecode.swift; path = HighPrecisionClock.swift; sourceTree = "<group>"; };
		915618C9234B25A200D5F530 /* CacheBuster.swift */ = {isa = PBXFileReference; lastKnownFileType = sourcecode.swift; path = CacheBuster.swift; sourceTree = "<group>"; };
		915618CB234B299C00D5F530 /* URLComponents+YLD.swift */ = {isa = PBXFileReference; lastKnownFileType = sourcecode.swift; path = "URLComponents+YLD.swift"; sourceTree = "<group>"; };
		915618CD234B29AD00D5F530 /* URLComponentsTests.swift */ = {isa = PBXFileReference; lastKnownFileType = sourcecode.swift; path = URLComponentsTests.swift; sourceTree = "<group>"; };
		915618CF234B2FDB00D5F530 /* ConsentDecorator.swift */ = {isa = PBXFileReference; lastKnownFileType = sourcecode.swift; path = ConsentDecorator.swift; sourceTree = "<group>"; };
		915618D1234B30F600D5F530 /* ConsentDecoratorTests.swift */ = {isa = PBXFileReference; lastKnownFileType = sourcecode.swift; path = ConsentDecoratorTests.swift; sourceTree = "<group>"; };
		915618D3234B3D9100D5F530 /* URLDecorator.swift */ = {isa = PBXFileReference; lastKnownFileType = sourcecode.swift; path = URLDecorator.swift; sourceTree = "<group>"; };
		915618D5234B3DDF00D5F530 /* URL+YLD.swift */ = {isa = PBXFileReference; lastKnownFileType = sourcecode.swift; path = "URL+YLD.swift"; sourceTree = "<group>"; };
		915618D7234B3F1500D5F530 /* UserDefaults+YLD.swift */ = {isa = PBXFileReference; lastKnownFileType = sourcecode.swift; path = "UserDefaults+YLD.swift"; sourceTree = "<group>"; };
		915618D9234B409200D5F530 /* UserDefaultsTests.swift */ = {isa = PBXFileReference; lastKnownFileType = sourcecode.swift; path = UserDefaultsTests.swift; sourceTree = "<group>"; };
		915618DB234B483400D5F530 /* LocationDecorator.swift */ = {isa = PBXFileReference; lastKnownFileType = sourcecode.swift; path = LocationDecorator.swift; sourceTree = "<group>"; };
		915618DD234B6ED600D5F530 /* LocationDecoratorTests.swift */ = {isa = PBXFileReference; lastKnownFileType = sourcecode.swift; path = LocationDecoratorTests.swift; sourceTree = "<group>"; };
		915618DF234B6FC100D5F530 /* CLLocationManager+YLD.swift */ = {isa = PBXFileReference; lastKnownFileType = sourcecode.swift; path = "CLLocationManager+YLD.swift"; sourceTree = "<group>"; };
		915618E1234B954800D5F530 /* IDFADecorator.swift */ = {isa = PBXFileReference; lastKnownFileType = sourcecode.swift; path = IDFADecorator.swift; sourceTree = "<group>"; };
		915618E3234B956E00D5F530 /* IDFADecoratorTests.swift */ = {isa = PBXFileReference; lastKnownFileType = sourcecode.swift; path = IDFADecoratorTests.swift; sourceTree = "<group>"; };
		915618E5234B973600D5F530 /* ASIdentifierManager+YLD.swift */ = {isa = PBXFileReference; lastKnownFileType = sourcecode.swift; path = "ASIdentifierManager+YLD.swift"; sourceTree = "<group>"; };
		915C8A7623437B4500746E7E /* Unit Tests.xctest */ = {isa = PBXFileReference; explicitFileType = wrapper.cfbundle; includeInIndex = 0; path = "Unit Tests.xctest"; sourceTree = BUILT_PRODUCTS_DIR; };
		915C8A7823437B4500746E7E /* CanaryTests.swift */ = {isa = PBXFileReference; lastKnownFileType = sourcecode.swift; path = CanaryTests.swift; sourceTree = "<group>"; };
		915C8A7A23437B4500746E7E /* Info.plist */ = {isa = PBXFileReference; lastKnownFileType = text.plist.xml; path = Info.plist; sourceTree = "<group>"; };
		915C8AAA234384FC00746E7E /* Yieldprobe.framework */ = {isa = PBXFileReference; explicitFileType = wrapper.framework; includeInIndex = 0; path = Yieldprobe.framework; sourceTree = BUILT_PRODUCTS_DIR; };
		915C8AAD234384FC00746E7E /* Info.plist */ = {isa = PBXFileReference; lastKnownFileType = text.plist.xml; path = Info.plist; sourceTree = "<group>"; };
		915C8AB72343855400746E7E /* Yieldprobe.swift */ = {isa = PBXFileReference; lastKnownFileType = sourcecode.swift; path = Yieldprobe.swift; sourceTree = "<group>"; };
		915C8ABD234385D400746E7E /* Test Host.app */ = {isa = PBXFileReference; explicitFileType = wrapper.application; includeInIndex = 0; path = "Test Host.app"; sourceTree = BUILT_PRODUCTS_DIR; };
		915C8ABF234385D400746E7E /* AppDelegate.swift */ = {isa = PBXFileReference; lastKnownFileType = sourcecode.swift; path = AppDelegate.swift; sourceTree = "<group>"; };
		915C8AC1234385D400746E7E /* SceneDelegate.swift */ = {isa = PBXFileReference; lastKnownFileType = sourcecode.swift; path = SceneDelegate.swift; sourceTree = "<group>"; };
		915C8AC3234385D400746E7E /* SetupViewController.swift */ = {isa = PBXFileReference; lastKnownFileType = sourcecode.swift; path = SetupViewController.swift; sourceTree = "<group>"; };
		915C8AC6234385D400746E7E /* Base */ = {isa = PBXFileReference; lastKnownFileType = file.storyboard; name = Base; path = Base.lproj/Main.storyboard; sourceTree = "<group>"; };
		915C8AC8234385DA00746E7E /* Assets.xcassets */ = {isa = PBXFileReference; lastKnownFileType = folder.assetcatalog; path = Assets.xcassets; sourceTree = "<group>"; };
		915C8ACB234385DA00746E7E /* Base */ = {isa = PBXFileReference; lastKnownFileType = file.storyboard; name = Base; path = Base.lproj/LaunchScreen.storyboard; sourceTree = "<group>"; };
		915C8ACD234385DA00746E7E /* Info.plist */ = {isa = PBXFileReference; lastKnownFileType = text.plist.xml; path = Info.plist; sourceTree = "<group>"; };
		915C8ADA2343897600746E7E /* HTTPClient.swift */ = {isa = PBXFileReference; lastKnownFileType = sourcecode.swift; path = HTTPClient.swift; sourceTree = "<group>"; };
		915C8ADC234389BA00746E7E /* URLSession+YLD.swift */ = {isa = PBXFileReference; lastKnownFileType = sourcecode.swift; path = "URLSession+YLD.swift"; sourceTree = "<group>"; };
		915C8AE023438BAD00746E7E /* YieldprobeTests.swift */ = {isa = PBXFileReference; lastKnownFileType = sourcecode.swift; path = YieldprobeTests.swift; sourceTree = "<group>"; };
		915C8AE223438C0800746E7E /* HTTPMock.swift */ = {isa = PBXFileReference; lastKnownFileType = sourcecode.swift; path = HTTPMock.swift; sourceTree = "<group>"; };
		916223752366DC7600795C40 /* XCTest+YLD.swift */ = {isa = PBXFileReference; lastKnownFileType = sourcecode.swift; path = "XCTest+YLD.swift"; sourceTree = "<group>"; };
		917488F2235EEAA20099ECDD /* BundleIDDecorator.swift */ = {isa = PBXFileReference; lastKnownFileType = sourcecode.swift; path = BundleIDDecorator.swift; sourceTree = "<group>"; };
		917488F4235EEB3A0099ECDD /* BundleIDDecoratorTests.swift */ = {isa = PBXFileReference; lastKnownFileType = sourcecode.swift; path = BundleIDDecoratorTests.swift; sourceTree = "<group>"; };
		91793D49234C6E04004DB72D /* DeviceTypeDecorator.swift */ = {isa = PBXFileReference; lastKnownFileType = sourcecode.swift; path = DeviceTypeDecorator.swift; sourceTree = "<group>"; };
		91793D4B234C6E12004DB72D /* DeviceTypeDecoratorTests.swift */ = {isa = PBXFileReference; lastKnownFileType = sourcecode.swift; path = DeviceTypeDecoratorTests.swift; sourceTree = "<group>"; };
		91793D4D234C80C3004DB72D /* UIDevice+YLD.swift */ = {isa = PBXFileReference; lastKnownFileType = sourcecode.swift; path = "UIDevice+YLD.swift"; sourceTree = "<group>"; };
		91793D4F234CAA4A004DB72D /* UIDeviceTests.swift */ = {isa = PBXFileReference; lastKnownFileType = sourcecode.swift; path = UIDeviceTests.swift; sourceTree = "<group>"; };
		91793D51234CB0D6004DB72D /* ConnectivityDecorator.swift */ = {isa = PBXFileReference; lastKnownFileType = sourcecode.swift; path = ConnectivityDecorator.swift; sourceTree = "<group>"; };
		91793D53234CB0E7004DB72D /* ConnectivityDecoratorTests.swift */ = {isa = PBXFileReference; lastKnownFileType = sourcecode.swift; path = ConnectivityDecoratorTests.swift; sourceTree = "<group>"; };
		9184845123561CF30040C53E /* CacheBusterTests.swift */ = {isa = PBXFileReference; lastKnownFileType = sourcecode.swift; path = CacheBusterTests.swift; sourceTree = "<group>"; };
		9193057F2368453E00B4EB87 /* Dispatch+YLD.swift */ = {isa = PBXFileReference; lastKnownFileType = sourcecode.swift; path = "Dispatch+YLD.swift"; sourceTree = "<group>"; };
		91AA09362356227D00D521D8 /* Collection+YLD.swift */ = {isa = PBXFileReference; lastKnownFileType = sourcecode.swift; path = "Collection+YLD.swift"; sourceTree = "<group>"; };
		91ACB8C32355D884002FD908 /* SwitchCell.swift */ = {isa = PBXFileReference; lastKnownFileType = sourcecode.swift; path = SwitchCell.swift; sourceTree = "<group>"; };
		91ACB8C52355ECAA002FD908 /* Settings.bundle */ = {isa = PBXFileReference; lastKnownFileType = "wrapper.plug-in"; path = Settings.bundle; sourceTree = "<group>"; };
		91B283B4234DB6770055DB7F /* DefaultConnectivitySource.swift */ = {isa = PBXFileReference; lastKnownFileType = sourcecode.swift; path = DefaultConnectivitySource.swift; sourceTree = "<group>"; };
		91B283B6234DB72B0055DB7F /* DefaultConnectivitySourceTests.swift */ = {isa = PBXFileReference; lastKnownFileType = sourcecode.swift; path = DefaultConnectivitySourceTests.swift; sourceTree = "<group>"; };
		91B283B8234DC1520055DB7F /* NWPathMonitor+YLD.swift */ = {isa = PBXFileReference; lastKnownFileType = sourcecode.swift; path = "NWPathMonitor+YLD.swift"; sourceTree = "<group>"; };
		91BB8F372357036E00D01816 /* HTTPClientTests.swift */ = {isa = PBXFileReference; lastKnownFileType = sourcecode.swift; path = HTTPClientTests.swift; sourceTree = "<group>"; };
		91C40882234F2AAC00D0DC71 /* Configuration.swift */ = {isa = PBXFileReference; lastKnownFileType = sourcecode.swift; path = Configuration.swift; sourceTree = "<group>"; };
		91C40884234F30B800D0DC71 /* PIIDDecoratorFilter.swift */ = {isa = PBXFileReference; lastKnownFileType = sourcecode.swift; path = PIIDDecoratorFilter.swift; sourceTree = "<group>"; };
		91C40886234F7EFE00D0DC71 /* Bid.swift */ = {isa = PBXFileReference; lastKnownFileType = sourcecode.swift; path = Bid.swift; sourceTree = "<group>"; };
		91C4088823507B9A00D0DC71 /* BidTests.swift */ = {isa = PBXFileReference; lastKnownFileType = sourcecode.swift; path = BidTests.swift; sourceTree = "<group>"; };
		91C4088A2350A42B00D0DC71 /* Set+YLD.swift */ = {isa = PBXFileReference; lastKnownFileType = sourcecode.swift; path = "Set+YLD.swift"; sourceTree = "<group>"; };
		91D8646823477BF4006E6563 /* URL+YLD.swift */ = {isa = PBXFileReference; lastKnownFileType = sourcecode.swift; path = "URL+YLD.swift"; sourceTree = "<group>"; };
		91D8646A234794DB006E6563 /* URLSessionTests.swift */ = {isa = PBXFileReference; lastKnownFileType = sourcecode.swift; path = URLSessionTests.swift; sourceTree = "<group>"; };
		91EC3897235462B4003B9831 /* ExampleSlot.swift */ = {isa = PBXFileReference; lastKnownFileType = sourcecode.swift; path = ExampleSlot.swift; sourceTree = "<group>"; };
		91EC389923548BDE003B9831 /* ValidationViewController.swift */ = {isa = PBXFileReference; lastKnownFileType = sourcecode.swift; path = ValidationViewController.swift; sourceTree = "<group>"; };
		91EF5DFA2357522F0048F06A /* ExtraTargetingDecorator.swift */ = {isa = PBXFileReference; lastKnownFileType = sourcecode.swift; path = ExtraTargetingDecorator.swift; sourceTree = "<group>"; };
		91EF5DFC235752750048F06A /* ExtraTargetingDecoratorTests.swift */ = {isa = PBXFileReference; lastKnownFileType = sourcecode.swift; path = ExtraTargetingDecoratorTests.swift; sourceTree = "<group>"; };
		91EF5DFE2357596E0048F06A /* HighPrecisionClock+YLD.swift */ = {isa = PBXFileReference; lastKnownFileType = sourcecode.swift; path = "HighPrecisionClock+YLD.swift"; sourceTree = "<group>"; };
/* End PBXFileReference section */

/* Begin PBXFrameworksBuildPhase section */
		915C8A7323437B4500746E7E /* Frameworks */ = {
			isa = PBXFrameworksBuildPhase;
			buildActionMask = 2147483647;
			files = (
			);
			runOnlyForDeploymentPostprocessing = 0;
		};
		915C8AA7234384FC00746E7E /* Frameworks */ = {
			isa = PBXFrameworksBuildPhase;
			buildActionMask = 2147483647;
			files = (
			);
			runOnlyForDeploymentPostprocessing = 0;
		};
		915C8ABA234385D400746E7E /* Frameworks */ = {
			isa = PBXFrameworksBuildPhase;
			buildActionMask = 2147483647;
			files = (
				915C8AD42343871400746E7E /* Yieldprobe.framework in Frameworks */,
			);
			runOnlyForDeploymentPostprocessing = 0;
		};
/* End PBXFrameworksBuildPhase section */

/* Begin PBXGroup section */
		915C8A382343724A00746E7E = {
			isa = PBXGroup;
			children = (
				915C8AAB234384FC00746E7E /* Yieldprobe */,
				915C8A7723437B4500746E7E /* Unit Tests */,
				915C8ABE234385D400746E7E /* Test Host */,
				915C8A5E23437B2B00746E7E /* Products */,
				915C8AD32343871400746E7E /* Frameworks */,
			);
			sourceTree = "<group>";
		};
		915C8A5E23437B2B00746E7E /* Products */ = {
			isa = PBXGroup;
			children = (
				915C8A7623437B4500746E7E /* Unit Tests.xctest */,
				915C8AAA234384FC00746E7E /* Yieldprobe.framework */,
				915C8ABD234385D400746E7E /* Test Host.app */,
			);
			name = Products;
			sourceTree = "<group>";
		};
		915C8A7723437B4500746E7E /* Unit Tests */ = {
			isa = PBXGroup;
			children = (
				91D8646723477BE4006E6563 /* Extensions */,
				915C8A7823437B4500746E7E /* CanaryTests.swift */,
				915C8AE223438C0800746E7E /* HTTPMock.swift */,
				915C8A7A23437B4500746E7E /* Info.plist */,
				916223752366DC7600795C40 /* XCTest+YLD.swift */,
			);
			path = "Unit Tests";
			sourceTree = "<group>";
		};
		915C8AAB234384FC00746E7E /* Yieldprobe */ = {
			isa = PBXGroup;
			children = (
				915C8AD92343896600746E7E /* Extensions */,
				913A581A235F17E500440DB1 /* AppNameDecorator.swift */,
				913A5818235F176600440DB1 /* AppNameDecoratorTests.swift */,
				91C40886234F7EFE00D0DC71 /* Bid.swift */,
				91C4088823507B9A00D0DC71 /* BidTests.swift */,
				917488F2235EEAA20099ECDD /* BundleIDDecorator.swift */,
				917488F4235EEB3A0099ECDD /* BundleIDDecoratorTests.swift */,
				915618C9234B25A200D5F530 /* CacheBuster.swift */,
				9184845123561CF30040C53E /* CacheBusterTests.swift */,
				91C40882234F2AAC00D0DC71 /* Configuration.swift */,
				91793D51234CB0D6004DB72D /* ConnectivityDecorator.swift */,
				91793D53234CB0E7004DB72D /* ConnectivityDecoratorTests.swift */,
				915618CF234B2FDB00D5F530 /* ConsentDecorator.swift */,
				915618D1234B30F600D5F530 /* ConsentDecoratorTests.swift */,
				91B283B4234DB6770055DB7F /* DefaultConnectivitySource.swift */,
				91B283B6234DB72B0055DB7F /* DefaultConnectivitySourceTests.swift */,
				91793D49234C6E04004DB72D /* DeviceTypeDecorator.swift */,
				91793D4B234C6E12004DB72D /* DeviceTypeDecoratorTests.swift */,
				91EF5DFA2357522F0048F06A /* ExtraTargetingDecorator.swift */,
				91EF5DFC235752750048F06A /* ExtraTargetingDecoratorTests.swift */,
				915C8AAD234384FC00746E7E /* Info.plist */,
				915618C7234B257A00D5F530 /* HighPrecisionClock.swift */,
				915C8ADA2343897600746E7E /* HTTPClient.swift */,
				91BB8F372357036E00D01816 /* HTTPClientTests.swift */,
				915618E1234B954800D5F530 /* IDFADecorator.swift */,
				915618E3234B956E00D5F530 /* IDFADecoratorTests.swift */,
				915618DB234B483400D5F530 /* LocationDecorator.swift */,
				915618DD234B6ED600D5F530 /* LocationDecoratorTests.swift */,
				91C40884234F30B800D0DC71 /* PIIDDecoratorFilter.swift */,
				915618D3234B3D9100D5F530 /* URLDecorator.swift */,
				915C8AB72343855400746E7E /* Yieldprobe.swift */,
				915C8AE023438BAD00746E7E /* YieldprobeTests.swift */,
			);
			path = Yieldprobe;
			sourceTree = "<group>";
		};
		915C8ABE234385D400746E7E /* Test Host */ = {
			isa = PBXGroup;
			children = (
				915C8ABF234385D400746E7E /* AppDelegate.swift */,
				915C8AC8234385DA00746E7E /* Assets.xcassets */,
				91EC3897235462B4003B9831 /* ExampleSlot.swift */,
				91303F3F23607EE5009000E0 /* ExtraTargetingController.swift */,
				91EF5DFE2357596E0048F06A /* HighPrecisionClock+YLD.swift */,
				91303F3523604ECD009000E0 /* HTTPRecorder.swift */,
				915C8ACD234385DA00746E7E /* Info.plist */,
				915C8ACA234385DA00746E7E /* LaunchScreen.storyboard */,
				915C8AC5234385D400746E7E /* Main.storyboard */,
				915C8AC1234385D400746E7E /* SceneDelegate.swift */,
				915C8AC3234385D400746E7E /* SetupViewController.swift */,
				91303F3D23607C68009000E0 /* Localizable.stringsdict */,
				91ACB8C52355ECAA002FD908 /* Settings.bundle */,
				91ACB8C32355D884002FD908 /* SwitchCell.swift */,
				91303F3323604EB6009000E0 /* TimeZone+YLD.swift */,
				91303F3723605B7B009000E0 /* UIBarButtonItem+YLD.swift */,
				913A581C235F2EB900440DB1 /* UIColor+YLD.swift */,
				91EC389923548BDE003B9831 /* ValidationViewController.swift */,
			);
			path = "Test Host";
			sourceTree = "<group>";
		};
		915C8AD32343871400746E7E /* Frameworks */ = {
			isa = PBXGroup;
			children = (
			);
			name = Frameworks;
			sourceTree = "<group>";
		};
		915C8AD92343896600746E7E /* Extensions */ = {
			isa = PBXGroup;
			children = (
				915618E5234B973600D5F530 /* ASIdentifierManager+YLD.swift */,
				915618DF234B6FC100D5F530 /* CLLocationManager+YLD.swift */,
				9193057F2368453E00B4EB87 /* Dispatch+YLD.swift */,
				91B283B8234DC1520055DB7F /* NWPathMonitor+YLD.swift */,
				91264F372350C6160012D871 /* Result+YLD.swift */,
				91264F392350C7E60012D871 /* ResultTests.swift */,
				915618D5234B3DDF00D5F530 /* URL+YLD.swift */,
				915618CB234B299C00D5F530 /* URLComponents+YLD.swift */,
				915618CD234B29AD00D5F530 /* URLComponentsTests.swift */,
				915C8ADC234389BA00746E7E /* URLSession+YLD.swift */,
				91D8646A234794DB006E6563 /* URLSessionTests.swift */,
				915618D7234B3F1500D5F530 /* UserDefaults+YLD.swift */,
				915618D9234B409200D5F530 /* UserDefaultsTests.swift */,
				91793D4D234C80C3004DB72D /* UIDevice+YLD.swift */,
				91793D4F234CAA4A004DB72D /* UIDeviceTests.swift */,
			);
			path = Extensions;
			sourceTree = "<group>";
		};
		91D8646723477BE4006E6563 /* Extensions */ = {
			isa = PBXGroup;
			children = (
				91AA09362356227D00D521D8 /* Collection+YLD.swift */,
				91C4088A2350A42B00D0DC71 /* Set+YLD.swift */,
				91D8646823477BF4006E6563 /* URL+YLD.swift */,
				91264F352350B9D90012D871 /* URLReply+YLD.swift */,
			);
			path = Extensions;
			sourceTree = "<group>";
		};
/* End PBXGroup section */

/* Begin PBXHeadersBuildPhase section */
		915C8AA5234384FC00746E7E /* Headers */ = {
			isa = PBXHeadersBuildPhase;
			buildActionMask = 2147483647;
			files = (
			);
			runOnlyForDeploymentPostprocessing = 0;
		};
/* End PBXHeadersBuildPhase section */

/* Begin PBXNativeTarget section */
		915C8A7523437B4500746E7E /* Unit Tests */ = {
			isa = PBXNativeTarget;
			buildConfigurationList = 915C8A7D23437B4500746E7E /* Build configuration list for PBXNativeTarget "Unit Tests" */;
			buildPhases = (
				915C8A7223437B4500746E7E /* Sources */,
				915C8A7323437B4500746E7E /* Frameworks */,
				915C8A7423437B4500746E7E /* Resources */,
			);
			buildRules = (
			);
			dependencies = (
				915C8AE523438D1500746E7E /* PBXTargetDependency */,
				915C8AD22343870700746E7E /* PBXTargetDependency */,
			);
			name = "Unit Tests";
			productName = "Unit Tests";
			productReference = 915C8A7623437B4500746E7E /* Unit Tests.xctest */;
			productType = "com.apple.product-type.bundle.unit-test";
		};
		915C8AA9234384FC00746E7E /* Yieldprobe */ = {
			isa = PBXNativeTarget;
			buildConfigurationList = 915C8AB3234384FD00746E7E /* Build configuration list for PBXNativeTarget "Yieldprobe" */;
			buildPhases = (
				915C8AA5234384FC00746E7E /* Headers */,
				915C8AA6234384FC00746E7E /* Sources */,
				915C8AA7234384FC00746E7E /* Frameworks */,
				915C8AA8234384FC00746E7E /* Resources */,
			);
			buildRules = (
			);
			dependencies = (
			);
			name = Yieldprobe;
			productName = Yieldprobe;
			productReference = 915C8AAA234384FC00746E7E /* Yieldprobe.framework */;
			productType = "com.apple.product-type.framework";
		};
		915C8ABC234385D400746E7E /* Test Host */ = {
			isa = PBXNativeTarget;
			buildConfigurationList = 915C8ACE234385DA00746E7E /* Build configuration list for PBXNativeTarget "Test Host" */;
			buildPhases = (
				915C8AB9234385D400746E7E /* Sources */,
				915C8ABA234385D400746E7E /* Frameworks */,
				915C8ABB234385D400746E7E /* Resources */,
				915C8AD82343871400746E7E /* Embed Frameworks */,
			);
			buildRules = (
			);
			dependencies = (
				915C8AD72343871400746E7E /* PBXTargetDependency */,
			);
			name = "Test Host";
			productName = "Test Host";
			productReference = 915C8ABD234385D400746E7E /* Test Host.app */;
			productType = "com.apple.product-type.application";
		};
/* End PBXNativeTarget section */

/* Begin PBXProject section */
		915C8A392343724A00746E7E /* Project object */ = {
			isa = PBXProject;
			attributes = {
				LastSwiftUpdateCheck = 1100;
				LastUpgradeCheck = 1110;
				TargetAttributes = {
					915C8A7523437B4500746E7E = {
						CreatedOnToolsVersion = 11.0;
						TestTargetID = 915C8ABC234385D400746E7E;
					};
					915C8AA9234384FC00746E7E = {
						CreatedOnToolsVersion = 11.0;
						LastSwiftMigration = 1100;
					};
					915C8ABC234385D400746E7E = {
						CreatedOnToolsVersion = 11.0;
					};
				};
			};
			buildConfigurationList = 915C8A3C2343724A00746E7E /* Build configuration list for PBXProject "SDK" */;
			compatibilityVersion = "Xcode 9.3";
			developmentRegion = en;
			hasScannedForEncodings = 0;
			knownRegions = (
				en,
				Base,
				de,
			);
			mainGroup = 915C8A382343724A00746E7E;
			productRefGroup = 915C8A5E23437B2B00746E7E /* Products */;
			projectDirPath = "";
			projectRoot = "";
			targets = (
				915C8ABC234385D400746E7E /* Test Host */,
				915C8A7523437B4500746E7E /* Unit Tests */,
				915C8AA9234384FC00746E7E /* Yieldprobe */,
			);
		};
/* End PBXProject section */

/* Begin PBXResourcesBuildPhase section */
		915C8A7423437B4500746E7E /* Resources */ = {
			isa = PBXResourcesBuildPhase;
			buildActionMask = 2147483647;
			files = (
			);
			runOnlyForDeploymentPostprocessing = 0;
		};
		915C8AA8234384FC00746E7E /* Resources */ = {
			isa = PBXResourcesBuildPhase;
			buildActionMask = 2147483647;
			files = (
			);
			runOnlyForDeploymentPostprocessing = 0;
		};
		915C8ABB234385D400746E7E /* Resources */ = {
			isa = PBXResourcesBuildPhase;
			buildActionMask = 2147483647;
			files = (
				91ACB8C62355ECAA002FD908 /* Settings.bundle in Resources */,
				915C8ACC234385DA00746E7E /* LaunchScreen.storyboard in Resources */,
				915C8AC9234385DA00746E7E /* Assets.xcassets in Resources */,
				91303F3B23607C68009000E0 /* Localizable.stringsdict in Resources */,
				915C8AC7234385D400746E7E /* Main.storyboard in Resources */,
			);
			runOnlyForDeploymentPostprocessing = 0;
		};
/* End PBXResourcesBuildPhase section */

/* Begin PBXSourcesBuildPhase section */
		915C8A7223437B4500746E7E /* Sources */ = {
			isa = PBXSourcesBuildPhase;
			buildActionMask = 2147483647;
			files = (
				91D8646B234794DB006E6563 /* URLSessionTests.swift in Sources */,
				91B283B7234DB72B0055DB7F /* DefaultConnectivitySourceTests.swift in Sources */,
				915618CE234B29AD00D5F530 /* URLComponentsTests.swift in Sources */,
				91AA09372356227D00D521D8 /* Collection+YLD.swift in Sources */,
				91C4088923507B9A00D0DC71 /* BidTests.swift in Sources */,
				915C8AE323438C0800746E7E /* HTTPMock.swift in Sources */,
				916223762366DC7600795C40 /* XCTest+YLD.swift in Sources */,
				917488F5235EEB3A0099ECDD /* BundleIDDecoratorTests.swift in Sources */,
				915C8AE123438BAD00746E7E /* YieldprobeTests.swift in Sources */,
				91793D4C234C6E12004DB72D /* DeviceTypeDecoratorTests.swift in Sources */,
				915618DE234B6ED600D5F530 /* LocationDecoratorTests.swift in Sources */,
				91264F362350B9D90012D871 /* URLReply+YLD.swift in Sources */,
				91C4088B2350A42B00D0DC71 /* Set+YLD.swift in Sources */,
				915618E4234B956F00D5F530 /* IDFADecoratorTests.swift in Sources */,
				9184845223561CF30040C53E /* CacheBusterTests.swift in Sources */,
				91793D50234CAA4A004DB72D /* UIDeviceTests.swift in Sources */,
				91EF5DFD235752750048F06A /* ExtraTargetingDecoratorTests.swift in Sources */,
				91264F3A2350C7E60012D871 /* ResultTests.swift in Sources */,
				915618DA234B409200D5F530 /* UserDefaultsTests.swift in Sources */,
				915C8A7923437B4500746E7E /* CanaryTests.swift in Sources */,
				91BB8F382357036E00D01816 /* HTTPClientTests.swift in Sources */,
				915618D2234B30F600D5F530 /* ConsentDecoratorTests.swift in Sources */,
				913A5819235F176600440DB1 /* AppNameDecoratorTests.swift in Sources */,
				91793D54234CB0E7004DB72D /* ConnectivityDecoratorTests.swift in Sources */,
				91D8646923477BF4006E6563 /* URL+YLD.swift in Sources */,
			);
			runOnlyForDeploymentPostprocessing = 0;
		};
		915C8AA6234384FC00746E7E /* Sources */ = {
			isa = PBXSourcesBuildPhase;
			buildActionMask = 2147483647;
			files = (
				913A581B235F17E500440DB1 /* AppNameDecorator.swift in Sources */,
				915618DC234B483400D5F530 /* LocationDecorator.swift in Sources */,
				915618D6234B3DDF00D5F530 /* URL+YLD.swift in Sources */,
				919305802368453E00B4EB87 /* Dispatch+YLD.swift in Sources */,
				91B283B9234DC1520055DB7F /* NWPathMonitor+YLD.swift in Sources */,
				915618CA234B25A200D5F530 /* CacheBuster.swift in Sources */,
				915618C8234B257A00D5F530 /* HighPrecisionClock.swift in Sources */,
				915618E2234B954800D5F530 /* IDFADecorator.swift in Sources */,
				91C40883234F2AAC00D0DC71 /* Configuration.swift in Sources */,
				91793D52234CB0D6004DB72D /* ConnectivityDecorator.swift in Sources */,
				915C8ADD234389BA00746E7E /* URLSession+YLD.swift in Sources */,
				915618E0234B6FC100D5F530 /* CLLocationManager+YLD.swift in Sources */,
				915618D8234B3F1500D5F530 /* UserDefaults+YLD.swift in Sources */,
				915618CC234B299C00D5F530 /* URLComponents+YLD.swift in Sources */,
				91793D4A234C6E04004DB72D /* DeviceTypeDecorator.swift in Sources */,
				915618D0234B2FDB00D5F530 /* ConsentDecorator.swift in Sources */,
				915618E6234B973600D5F530 /* ASIdentifierManager+YLD.swift in Sources */,
				91264F382350C6160012D871 /* Result+YLD.swift in Sources */,
				915618D4234B3D9100D5F530 /* URLDecorator.swift in Sources */,
				915C8ADB2343897600746E7E /* HTTPClient.swift in Sources */,
				915C8AB82343855400746E7E /* Yieldprobe.swift in Sources */,
				91793D4E234C80C3004DB72D /* UIDevice+YLD.swift in Sources */,
				917488F3235EEAA20099ECDD /* BundleIDDecorator.swift in Sources */,
				91EF5DFB2357522F0048F06A /* ExtraTargetingDecorator.swift in Sources */,
				91B283B5234DB6770055DB7F /* DefaultConnectivitySource.swift in Sources */,
				91C40885234F30B800D0DC71 /* PIIDDecoratorFilter.swift in Sources */,
				91C40887234F7EFE00D0DC71 /* Bid.swift in Sources */,
			);
			runOnlyForDeploymentPostprocessing = 0;
		};
		915C8AB9234385D400746E7E /* Sources */ = {
			isa = PBXSourcesBuildPhase;
			buildActionMask = 2147483647;
			files = (
				91EC389B23548C44003B9831 /* HighPrecisionClock.swift in Sources */,
				91303F3623604ECD009000E0 /* HTTPRecorder.swift in Sources */,
				915C8AC4234385D400746E7E /* SetupViewController.swift in Sources */,
				91303F3423604EB6009000E0 /* TimeZone+YLD.swift in Sources */,
				915C8AC0234385D400746E7E /* AppDelegate.swift in Sources */,
				91303F4023607EE5009000E0 /* ExtraTargetingController.swift in Sources */,
				91EF5E0223575A270048F06A /* HighPrecisionClock+YLD.swift in Sources */,
				91303F3823605B7B009000E0 /* UIBarButtonItem+YLD.swift in Sources */,
				913A581D235F2EB900440DB1 /* UIColor+YLD.swift in Sources */,
				91ACB8C42355D884002FD908 /* SwitchCell.swift in Sources */,
				91EC3898235462B4003B9831 /* ExampleSlot.swift in Sources */,
				915C8AC2234385D400746E7E /* SceneDelegate.swift in Sources */,
				91EC389A23548BDF003B9831 /* ValidationViewController.swift in Sources */,
			);
			runOnlyForDeploymentPostprocessing = 0;
		};
/* End PBXSourcesBuildPhase section */

/* Begin PBXTargetDependency section */
		915C8AD22343870700746E7E /* PBXTargetDependency */ = {
			isa = PBXTargetDependency;
			target = 915C8ABC234385D400746E7E /* Test Host */;
			targetProxy = 915C8AD12343870700746E7E /* PBXContainerItemProxy */;
		};
		915C8AD72343871400746E7E /* PBXTargetDependency */ = {
			isa = PBXTargetDependency;
			target = 915C8AA9234384FC00746E7E /* Yieldprobe */;
			targetProxy = 915C8AD62343871400746E7E /* PBXContainerItemProxy */;
		};
		915C8AE523438D1500746E7E /* PBXTargetDependency */ = {
			isa = PBXTargetDependency;
			target = 915C8AA9234384FC00746E7E /* Yieldprobe */;
			targetProxy = 915C8AE423438D1500746E7E /* PBXContainerItemProxy */;
		};
/* End PBXTargetDependency section */

/* Begin PBXVariantGroup section */
		91303F3D23607C68009000E0 /* Localizable.stringsdict */ = {
			isa = PBXVariantGroup;
			children = (
				91303F3C23607C68009000E0 /* en */,
			);
			name = Localizable.stringsdict;
			sourceTree = "<group>";
		};
		915C8AC5234385D400746E7E /* Main.storyboard */ = {
			isa = PBXVariantGroup;
			children = (
				915C8AC6234385D400746E7E /* Base */,
			);
			name = Main.storyboard;
			sourceTree = "<group>";
		};
		915C8ACA234385DA00746E7E /* LaunchScreen.storyboard */ = {
			isa = PBXVariantGroup;
			children = (
				915C8ACB234385DA00746E7E /* Base */,
			);
			name = LaunchScreen.storyboard;
			sourceTree = "<group>";
		};
/* End PBXVariantGroup section */

/* Begin XCBuildConfiguration section */
		915C8A3D2343724A00746E7E /* Debug */ = {
			isa = XCBuildConfiguration;
			buildSettings = {
				CLANG_ANALYZER_LOCALIZABILITY_NONLOCALIZED = YES;
				CLANG_WARN_BLOCK_CAPTURE_AUTORELEASING = YES;
				CLANG_WARN_BOOL_CONVERSION = YES;
				CLANG_WARN_COMMA = YES;
				CLANG_WARN_CONSTANT_CONVERSION = YES;
				CLANG_WARN_DEPRECATED_OBJC_IMPLEMENTATIONS = YES;
				CLANG_WARN_EMPTY_BODY = YES;
				CLANG_WARN_ENUM_CONVERSION = YES;
				CLANG_WARN_INFINITE_RECURSION = YES;
				CLANG_WARN_INT_CONVERSION = YES;
				CLANG_WARN_NON_LITERAL_NULL_CONVERSION = YES;
				CLANG_WARN_OBJC_IMPLICIT_RETAIN_SELF = YES;
				CLANG_WARN_OBJC_LITERAL_CONVERSION = YES;
				CLANG_WARN_RANGE_LOOP_ANALYSIS = YES;
				CLANG_WARN_STRICT_PROTOTYPES = YES;
				CLANG_WARN_SUSPICIOUS_MOVE = YES;
				CLANG_WARN_UNREACHABLE_CODE = YES;
				CLANG_WARN__DUPLICATE_METHOD_MATCH = YES;
				ENABLE_STRICT_OBJC_MSGSEND = YES;
				ENABLE_TESTABILITY = YES;
				GCC_NO_COMMON_BLOCKS = YES;
				GCC_WARN_64_TO_32_BIT_CONVERSION = YES;
				GCC_WARN_ABOUT_RETURN_TYPE = YES;
				GCC_WARN_UNDECLARED_SELECTOR = YES;
				GCC_WARN_UNINITIALIZED_AUTOS = YES;
				GCC_WARN_UNUSED_FUNCTION = YES;
				GCC_WARN_UNUSED_VARIABLE = YES;
				ONLY_ACTIVE_ARCH = YES;
			};
			name = Debug;
		};
		915C8A3E2343724A00746E7E /* Release */ = {
			isa = XCBuildConfiguration;
			buildSettings = {
				CLANG_ANALYZER_LOCALIZABILITY_NONLOCALIZED = YES;
				CLANG_WARN_BLOCK_CAPTURE_AUTORELEASING = YES;
				CLANG_WARN_BOOL_CONVERSION = YES;
				CLANG_WARN_COMMA = YES;
				CLANG_WARN_CONSTANT_CONVERSION = YES;
				CLANG_WARN_DEPRECATED_OBJC_IMPLEMENTATIONS = YES;
				CLANG_WARN_EMPTY_BODY = YES;
				CLANG_WARN_ENUM_CONVERSION = YES;
				CLANG_WARN_INFINITE_RECURSION = YES;
				CLANG_WARN_INT_CONVERSION = YES;
				CLANG_WARN_NON_LITERAL_NULL_CONVERSION = YES;
				CLANG_WARN_OBJC_IMPLICIT_RETAIN_SELF = YES;
				CLANG_WARN_OBJC_LITERAL_CONVERSION = YES;
				CLANG_WARN_RANGE_LOOP_ANALYSIS = YES;
				CLANG_WARN_STRICT_PROTOTYPES = YES;
				CLANG_WARN_SUSPICIOUS_MOVE = YES;
				CLANG_WARN_UNREACHABLE_CODE = YES;
				CLANG_WARN__DUPLICATE_METHOD_MATCH = YES;
				ENABLE_STRICT_OBJC_MSGSEND = YES;
				GCC_NO_COMMON_BLOCKS = YES;
				GCC_WARN_64_TO_32_BIT_CONVERSION = YES;
				GCC_WARN_ABOUT_RETURN_TYPE = YES;
				GCC_WARN_UNDECLARED_SELECTOR = YES;
				GCC_WARN_UNINITIALIZED_AUTOS = YES;
				GCC_WARN_UNUSED_FUNCTION = YES;
				GCC_WARN_UNUSED_VARIABLE = YES;
			};
			name = Release;
		};
		915C8A7E23437B4500746E7E /* Debug */ = {
			isa = XCBuildConfiguration;
			buildSettings = {
				ALWAYS_SEARCH_USER_PATHS = NO;
				BUNDLE_LOADER = "$(TEST_HOST)";
				CLANG_ANALYZER_NONNULL = YES;
				CLANG_ANALYZER_NUMBER_OBJECT_CONVERSION = YES_AGGRESSIVE;
				CLANG_CXX_LANGUAGE_STANDARD = "gnu++14";
				CLANG_CXX_LIBRARY = "libc++";
				CLANG_ENABLE_MODULES = YES;
				CLANG_ENABLE_OBJC_ARC = YES;
				CLANG_ENABLE_OBJC_WEAK = YES;
				CLANG_WARN_BLOCK_CAPTURE_AUTORELEASING = YES;
				CLANG_WARN_BOOL_CONVERSION = YES;
				CLANG_WARN_COMMA = YES;
				CLANG_WARN_CONSTANT_CONVERSION = YES;
				CLANG_WARN_DEPRECATED_OBJC_IMPLEMENTATIONS = YES;
				CLANG_WARN_DIRECT_OBJC_ISA_USAGE = YES_ERROR;
				CLANG_WARN_DOCUMENTATION_COMMENTS = YES;
				CLANG_WARN_EMPTY_BODY = YES;
				CLANG_WARN_ENUM_CONVERSION = YES;
				CLANG_WARN_INFINITE_RECURSION = YES;
				CLANG_WARN_INT_CONVERSION = YES;
				CLANG_WARN_NON_LITERAL_NULL_CONVERSION = YES;
				CLANG_WARN_OBJC_IMPLICIT_RETAIN_SELF = YES;
				CLANG_WARN_OBJC_LITERAL_CONVERSION = YES;
				CLANG_WARN_OBJC_ROOT_CLASS = YES_ERROR;
				CLANG_WARN_RANGE_LOOP_ANALYSIS = YES;
				CLANG_WARN_STRICT_PROTOTYPES = YES;
				CLANG_WARN_SUSPICIOUS_MOVE = YES;
				CLANG_WARN_UNGUARDED_AVAILABILITY = YES_AGGRESSIVE;
				CLANG_WARN_UNREACHABLE_CODE = YES;
				CLANG_WARN__DUPLICATE_METHOD_MATCH = YES;
				CODE_SIGN_STYLE = Automatic;
				COPY_PHASE_STRIP = NO;
				DEBUG_INFORMATION_FORMAT = dwarf;
				DEVELOPMENT_TEAM = YM6UBXA47M;
				ENABLE_STRICT_OBJC_MSGSEND = YES;
				ENABLE_TESTABILITY = YES;
				GCC_C_LANGUAGE_STANDARD = gnu11;
				GCC_DYNAMIC_NO_PIC = NO;
				GCC_NO_COMMON_BLOCKS = YES;
				GCC_OPTIMIZATION_LEVEL = 0;
				GCC_PREPROCESSOR_DEFINITIONS = (
					"DEBUG=1",
					"$(inherited)",
				);
				GCC_WARN_64_TO_32_BIT_CONVERSION = YES;
				GCC_WARN_ABOUT_RETURN_TYPE = YES_ERROR;
				GCC_WARN_UNDECLARED_SELECTOR = YES;
				GCC_WARN_UNINITIALIZED_AUTOS = YES_AGGRESSIVE;
				GCC_WARN_UNUSED_FUNCTION = YES;
				GCC_WARN_UNUSED_VARIABLE = YES;
				INFOPLIST_FILE = "Unit Tests/Info.plist";
				IPHONEOS_DEPLOYMENT_TARGET = 13.0;
				LD_RUNPATH_SEARCH_PATHS = (
					"$(inherited)",
					"@executable_path/Frameworks",
					"@loader_path/Frameworks",
				);
				MTL_ENABLE_DEBUG_INFO = INCLUDE_SOURCE;
				MTL_FAST_MATH = YES;
				ONLY_ACTIVE_ARCH = YES;
				PRODUCT_BUNDLE_IDENTIFIER = "com.yieldlab.Yieldprobe.Unit-Tests";
				PRODUCT_NAME = "$(TARGET_NAME)";
				SDKROOT = iphoneos;
				SWIFT_ACTIVE_COMPILATION_CONDITIONS = DEBUG;
				SWIFT_OPTIMIZATION_LEVEL = "-Onone";
				SWIFT_VERSION = 5.0;
				TARGETED_DEVICE_FAMILY = "1,2";
				TEST_HOST = "$(BUILT_PRODUCTS_DIR)/Test Host.app/Test Host";
			};
			name = Debug;
		};
		915C8A7F23437B4500746E7E /* Release */ = {
			isa = XCBuildConfiguration;
			buildSettings = {
				ALWAYS_SEARCH_USER_PATHS = NO;
				BUNDLE_LOADER = "$(TEST_HOST)";
				CLANG_ANALYZER_NONNULL = YES;
				CLANG_ANALYZER_NUMBER_OBJECT_CONVERSION = YES_AGGRESSIVE;
				CLANG_CXX_LANGUAGE_STANDARD = "gnu++14";
				CLANG_CXX_LIBRARY = "libc++";
				CLANG_ENABLE_MODULES = YES;
				CLANG_ENABLE_OBJC_ARC = YES;
				CLANG_ENABLE_OBJC_WEAK = YES;
				CLANG_WARN_BLOCK_CAPTURE_AUTORELEASING = YES;
				CLANG_WARN_BOOL_CONVERSION = YES;
				CLANG_WARN_COMMA = YES;
				CLANG_WARN_CONSTANT_CONVERSION = YES;
				CLANG_WARN_DEPRECATED_OBJC_IMPLEMENTATIONS = YES;
				CLANG_WARN_DIRECT_OBJC_ISA_USAGE = YES_ERROR;
				CLANG_WARN_DOCUMENTATION_COMMENTS = YES;
				CLANG_WARN_EMPTY_BODY = YES;
				CLANG_WARN_ENUM_CONVERSION = YES;
				CLANG_WARN_INFINITE_RECURSION = YES;
				CLANG_WARN_INT_CONVERSION = YES;
				CLANG_WARN_NON_LITERAL_NULL_CONVERSION = YES;
				CLANG_WARN_OBJC_IMPLICIT_RETAIN_SELF = YES;
				CLANG_WARN_OBJC_LITERAL_CONVERSION = YES;
				CLANG_WARN_OBJC_ROOT_CLASS = YES_ERROR;
				CLANG_WARN_RANGE_LOOP_ANALYSIS = YES;
				CLANG_WARN_STRICT_PROTOTYPES = YES;
				CLANG_WARN_SUSPICIOUS_MOVE = YES;
				CLANG_WARN_UNGUARDED_AVAILABILITY = YES_AGGRESSIVE;
				CLANG_WARN_UNREACHABLE_CODE = YES;
				CLANG_WARN__DUPLICATE_METHOD_MATCH = YES;
				CODE_SIGN_STYLE = Automatic;
				COPY_PHASE_STRIP = NO;
				DEBUG_INFORMATION_FORMAT = "dwarf-with-dsym";
				DEVELOPMENT_TEAM = YM6UBXA47M;
				ENABLE_NS_ASSERTIONS = NO;
				ENABLE_STRICT_OBJC_MSGSEND = YES;
				GCC_C_LANGUAGE_STANDARD = gnu11;
				GCC_NO_COMMON_BLOCKS = YES;
				GCC_WARN_64_TO_32_BIT_CONVERSION = YES;
				GCC_WARN_ABOUT_RETURN_TYPE = YES_ERROR;
				GCC_WARN_UNDECLARED_SELECTOR = YES;
				GCC_WARN_UNINITIALIZED_AUTOS = YES_AGGRESSIVE;
				GCC_WARN_UNUSED_FUNCTION = YES;
				GCC_WARN_UNUSED_VARIABLE = YES;
				INFOPLIST_FILE = "Unit Tests/Info.plist";
				IPHONEOS_DEPLOYMENT_TARGET = 13.0;
				LD_RUNPATH_SEARCH_PATHS = (
					"$(inherited)",
					"@executable_path/Frameworks",
					"@loader_path/Frameworks",
				);
				MTL_ENABLE_DEBUG_INFO = NO;
				MTL_FAST_MATH = YES;
				PRODUCT_BUNDLE_IDENTIFIER = "com.yieldlab.Yieldprobe.Unit-Tests";
				PRODUCT_NAME = "$(TARGET_NAME)";
				SDKROOT = iphoneos;
				SWIFT_COMPILATION_MODE = wholemodule;
				SWIFT_OPTIMIZATION_LEVEL = "-O";
				SWIFT_VERSION = 5.0;
				TARGETED_DEVICE_FAMILY = "1,2";
				TEST_HOST = "$(BUILT_PRODUCTS_DIR)/Test Host.app/Test Host";
				VALIDATE_PRODUCT = YES;
			};
			name = Release;
		};
		915C8AB4234384FD00746E7E /* Debug */ = {
			isa = XCBuildConfiguration;
			buildSettings = {
				ALWAYS_SEARCH_USER_PATHS = NO;
				BUILD_LIBRARY_FOR_DISTRIBUTION = YES;
				CLANG_ANALYZER_NONNULL = YES;
				CLANG_ANALYZER_NUMBER_OBJECT_CONVERSION = YES_AGGRESSIVE;
				CLANG_CXX_LANGUAGE_STANDARD = "gnu++14";
				CLANG_CXX_LIBRARY = "libc++";
				CLANG_ENABLE_MODULES = YES;
				CLANG_ENABLE_OBJC_ARC = YES;
				CLANG_ENABLE_OBJC_WEAK = YES;
				CLANG_WARN_BLOCK_CAPTURE_AUTORELEASING = YES;
				CLANG_WARN_BOOL_CONVERSION = YES;
				CLANG_WARN_COMMA = YES;
				CLANG_WARN_CONSTANT_CONVERSION = YES;
				CLANG_WARN_DEPRECATED_OBJC_IMPLEMENTATIONS = YES;
				CLANG_WARN_DIRECT_OBJC_ISA_USAGE = YES_ERROR;
				CLANG_WARN_DOCUMENTATION_COMMENTS = YES;
				CLANG_WARN_EMPTY_BODY = YES;
				CLANG_WARN_ENUM_CONVERSION = YES;
				CLANG_WARN_INFINITE_RECURSION = YES;
				CLANG_WARN_INT_CONVERSION = YES;
				CLANG_WARN_NON_LITERAL_NULL_CONVERSION = YES;
				CLANG_WARN_OBJC_IMPLICIT_RETAIN_SELF = YES;
				CLANG_WARN_OBJC_LITERAL_CONVERSION = YES;
				CLANG_WARN_OBJC_ROOT_CLASS = YES_ERROR;
				CLANG_WARN_RANGE_LOOP_ANALYSIS = YES;
				CLANG_WARN_STRICT_PROTOTYPES = YES;
				CLANG_WARN_SUSPICIOUS_MOVE = YES;
				CLANG_WARN_UNGUARDED_AVAILABILITY = YES_AGGRESSIVE;
				CLANG_WARN_UNREACHABLE_CODE = YES;
				CLANG_WARN__DUPLICATE_METHOD_MATCH = YES;
				CODE_SIGN_STYLE = Automatic;
				COPY_PHASE_STRIP = NO;
				CURRENT_PROJECT_VERSION = 1;
				DEBUG_INFORMATION_FORMAT = dwarf;
				DEFINES_MODULE = YES;
				DEVELOPMENT_TEAM = YM6UBXA47M;
				DYLIB_COMPATIBILITY_VERSION = 1;
				DYLIB_CURRENT_VERSION = 1;
				DYLIB_INSTALL_NAME_BASE = "@rpath";
				ENABLE_STRICT_OBJC_MSGSEND = YES;
				ENABLE_TESTABILITY = YES;
				GCC_C_LANGUAGE_STANDARD = gnu11;
				GCC_DYNAMIC_NO_PIC = NO;
				GCC_NO_COMMON_BLOCKS = YES;
				GCC_OPTIMIZATION_LEVEL = 0;
				GCC_PREPROCESSOR_DEFINITIONS = (
					"DEBUG=1",
					"$(inherited)",
				);
				GCC_WARN_64_TO_32_BIT_CONVERSION = YES;
				GCC_WARN_ABOUT_RETURN_TYPE = YES_ERROR;
				GCC_WARN_UNDECLARED_SELECTOR = YES;
				GCC_WARN_UNINITIALIZED_AUTOS = YES_AGGRESSIVE;
				GCC_WARN_UNUSED_FUNCTION = YES;
				GCC_WARN_UNUSED_VARIABLE = YES;
				INFOPLIST_FILE = Yieldprobe/Info.plist;
				INSTALL_PATH = "$(LOCAL_LIBRARY_DIR)/Frameworks";
				IPHONEOS_DEPLOYMENT_TARGET = 12.4;
				LD_RUNPATH_SEARCH_PATHS = (
					"$(inherited)",
					"@executable_path/Frameworks",
					"@loader_path/Frameworks",
				);
				MTL_ENABLE_DEBUG_INFO = INCLUDE_SOURCE;
				MTL_FAST_MATH = YES;
				ONLY_ACTIVE_ARCH = YES;
				PRODUCT_BUNDLE_IDENTIFIER = com.yieldlab.Yieldprobe;
				PRODUCT_NAME = "$(TARGET_NAME:c99extidentifier)";
				SDKROOT = iphoneos;
				SKIP_INSTALL = YES;
				SWIFT_ACTIVE_COMPILATION_CONDITIONS = DEBUG;
				SWIFT_OPTIMIZATION_LEVEL = "-Onone";
				SWIFT_VERSION = 5.0;
				TARGETED_DEVICE_FAMILY = "1,2";
				VERSIONING_SYSTEM = "";
				VERSION_INFO_PREFIX = "";
			};
			name = Debug;
		};
		915C8AB5234384FD00746E7E /* Release */ = {
			isa = XCBuildConfiguration;
			buildSettings = {
				ALWAYS_SEARCH_USER_PATHS = NO;
				BUILD_LIBRARY_FOR_DISTRIBUTION = YES;
				CLANG_ANALYZER_NONNULL = YES;
				CLANG_ANALYZER_NUMBER_OBJECT_CONVERSION = YES_AGGRESSIVE;
				CLANG_CXX_LANGUAGE_STANDARD = "gnu++14";
				CLANG_CXX_LIBRARY = "libc++";
				CLANG_ENABLE_MODULES = YES;
				CLANG_ENABLE_OBJC_ARC = YES;
				CLANG_ENABLE_OBJC_WEAK = YES;
				CLANG_WARN_BLOCK_CAPTURE_AUTORELEASING = YES;
				CLANG_WARN_BOOL_CONVERSION = YES;
				CLANG_WARN_COMMA = YES;
				CLANG_WARN_CONSTANT_CONVERSION = YES;
				CLANG_WARN_DEPRECATED_OBJC_IMPLEMENTATIONS = YES;
				CLANG_WARN_DIRECT_OBJC_ISA_USAGE = YES_ERROR;
				CLANG_WARN_DOCUMENTATION_COMMENTS = YES;
				CLANG_WARN_EMPTY_BODY = YES;
				CLANG_WARN_ENUM_CONVERSION = YES;
				CLANG_WARN_INFINITE_RECURSION = YES;
				CLANG_WARN_INT_CONVERSION = YES;
				CLANG_WARN_NON_LITERAL_NULL_CONVERSION = YES;
				CLANG_WARN_OBJC_IMPLICIT_RETAIN_SELF = YES;
				CLANG_WARN_OBJC_LITERAL_CONVERSION = YES;
				CLANG_WARN_OBJC_ROOT_CLASS = YES_ERROR;
				CLANG_WARN_RANGE_LOOP_ANALYSIS = YES;
				CLANG_WARN_STRICT_PROTOTYPES = YES;
				CLANG_WARN_SUSPICIOUS_MOVE = YES;
				CLANG_WARN_UNGUARDED_AVAILABILITY = YES_AGGRESSIVE;
				CLANG_WARN_UNREACHABLE_CODE = YES;
				CLANG_WARN__DUPLICATE_METHOD_MATCH = YES;
				CODE_SIGN_STYLE = Automatic;
				COPY_PHASE_STRIP = NO;
				CURRENT_PROJECT_VERSION = 1;
				DEBUG_INFORMATION_FORMAT = "dwarf-with-dsym";
				DEFINES_MODULE = YES;
				DEVELOPMENT_TEAM = YM6UBXA47M;
				DYLIB_COMPATIBILITY_VERSION = 1;
				DYLIB_CURRENT_VERSION = 1;
				DYLIB_INSTALL_NAME_BASE = "@rpath";
				ENABLE_NS_ASSERTIONS = NO;
				ENABLE_STRICT_OBJC_MSGSEND = YES;
				GCC_C_LANGUAGE_STANDARD = gnu11;
				GCC_NO_COMMON_BLOCKS = YES;
				GCC_WARN_64_TO_32_BIT_CONVERSION = YES;
				GCC_WARN_ABOUT_RETURN_TYPE = YES_ERROR;
				GCC_WARN_UNDECLARED_SELECTOR = YES;
				GCC_WARN_UNINITIALIZED_AUTOS = YES_AGGRESSIVE;
				GCC_WARN_UNUSED_FUNCTION = YES;
				GCC_WARN_UNUSED_VARIABLE = YES;
				INFOPLIST_FILE = Yieldprobe/Info.plist;
				INSTALL_PATH = "$(LOCAL_LIBRARY_DIR)/Frameworks";
				IPHONEOS_DEPLOYMENT_TARGET = 12.4;
				LD_RUNPATH_SEARCH_PATHS = (
					"$(inherited)",
					"@executable_path/Frameworks",
					"@loader_path/Frameworks",
				);
				MTL_ENABLE_DEBUG_INFO = NO;
				MTL_FAST_MATH = YES;
				PRODUCT_BUNDLE_IDENTIFIER = com.yieldlab.Yieldprobe;
				PRODUCT_NAME = "$(TARGET_NAME:c99extidentifier)";
				SDKROOT = iphoneos;
				SKIP_INSTALL = YES;
				SWIFT_COMPILATION_MODE = wholemodule;
				SWIFT_OPTIMIZATION_LEVEL = "-O";
				SWIFT_VERSION = 5.0;
				TARGETED_DEVICE_FAMILY = "1,2";
				VALIDATE_PRODUCT = YES;
				VERSIONING_SYSTEM = "";
				VERSION_INFO_PREFIX = "";
			};
			name = Release;
		};
		915C8ACF234385DA00746E7E /* Debug */ = {
			isa = XCBuildConfiguration;
			buildSettings = {
				ALWAYS_SEARCH_USER_PATHS = NO;
				ASSETCATALOG_COMPILER_APPICON_NAME = AppIcon;
				CLANG_ANALYZER_NONNULL = YES;
				CLANG_ANALYZER_NUMBER_OBJECT_CONVERSION = YES_AGGRESSIVE;
				CLANG_CXX_LANGUAGE_STANDARD = "gnu++14";
				CLANG_CXX_LIBRARY = "libc++";
				CLANG_ENABLE_MODULES = YES;
				CLANG_ENABLE_OBJC_ARC = YES;
				CLANG_ENABLE_OBJC_WEAK = YES;
				CLANG_WARN_BLOCK_CAPTURE_AUTORELEASING = YES;
				CLANG_WARN_BOOL_CONVERSION = YES;
				CLANG_WARN_COMMA = YES;
				CLANG_WARN_CONSTANT_CONVERSION = YES;
				CLANG_WARN_DEPRECATED_OBJC_IMPLEMENTATIONS = YES;
				CLANG_WARN_DIRECT_OBJC_ISA_USAGE = YES_ERROR;
				CLANG_WARN_DOCUMENTATION_COMMENTS = YES;
				CLANG_WARN_EMPTY_BODY = YES;
				CLANG_WARN_ENUM_CONVERSION = YES;
				CLANG_WARN_INFINITE_RECURSION = YES;
				CLANG_WARN_INT_CONVERSION = YES;
				CLANG_WARN_NON_LITERAL_NULL_CONVERSION = YES;
				CLANG_WARN_OBJC_IMPLICIT_RETAIN_SELF = YES;
				CLANG_WARN_OBJC_LITERAL_CONVERSION = YES;
				CLANG_WARN_OBJC_ROOT_CLASS = YES_ERROR;
				CLANG_WARN_RANGE_LOOP_ANALYSIS = YES;
				CLANG_WARN_STRICT_PROTOTYPES = YES;
				CLANG_WARN_SUSPICIOUS_MOVE = YES;
				CLANG_WARN_UNGUARDED_AVAILABILITY = YES_AGGRESSIVE;
				CLANG_WARN_UNREACHABLE_CODE = YES;
				CLANG_WARN__DUPLICATE_METHOD_MATCH = YES;
				CODE_SIGN_STYLE = Automatic;
				COPY_PHASE_STRIP = NO;
				DEBUG_INFORMATION_FORMAT = dwarf;
				DEVELOPMENT_TEAM = YM6UBXA47M;
				ENABLE_STRICT_OBJC_MSGSEND = YES;
				ENABLE_TESTABILITY = YES;
				GCC_C_LANGUAGE_STANDARD = gnu11;
				GCC_DYNAMIC_NO_PIC = NO;
				GCC_NO_COMMON_BLOCKS = YES;
				GCC_OPTIMIZATION_LEVEL = 0;
				GCC_PREPROCESSOR_DEFINITIONS = (
					"DEBUG=1",
					"$(inherited)",
				);
				GCC_WARN_64_TO_32_BIT_CONVERSION = YES;
				GCC_WARN_ABOUT_RETURN_TYPE = YES_ERROR;
				GCC_WARN_UNDECLARED_SELECTOR = YES;
				GCC_WARN_UNINITIALIZED_AUTOS = YES_AGGRESSIVE;
				GCC_WARN_UNUSED_FUNCTION = YES;
				GCC_WARN_UNUSED_VARIABLE = YES;
				INFOPLIST_FILE = "Test Host/Info.plist";
				IPHONEOS_DEPLOYMENT_TARGET = 12.4;
				LD_RUNPATH_SEARCH_PATHS = (
					"$(inherited)",
					"@executable_path/Frameworks",
				);
				MTL_ENABLE_DEBUG_INFO = INCLUDE_SOURCE;
				MTL_FAST_MATH = YES;
				ONLY_ACTIVE_ARCH = YES;
				PRODUCT_BUNDLE_IDENTIFIER = "com.yieldlab.Yieldprobe.Test-Host";
				PRODUCT_NAME = "$(TARGET_NAME)";
				SDKROOT = iphoneos;
				SWIFT_ACTIVE_COMPILATION_CONDITIONS = DEBUG;
				SWIFT_OPTIMIZATION_LEVEL = "-Onone";
				SWIFT_VERSION = 5.0;
				TARGETED_DEVICE_FAMILY = "1,2";
			};
			name = Debug;
		};
		915C8AD0234385DA00746E7E /* Release */ = {
			isa = XCBuildConfiguration;
			buildSettings = {
				ALWAYS_SEARCH_USER_PATHS = NO;
				ASSETCATALOG_COMPILER_APPICON_NAME = AppIcon;
				CLANG_ANALYZER_NONNULL = YES;
				CLANG_ANALYZER_NUMBER_OBJECT_CONVERSION = YES_AGGRESSIVE;
				CLANG_CXX_LANGUAGE_STANDARD = "gnu++14";
				CLANG_CXX_LIBRARY = "libc++";
				CLANG_ENABLE_MODULES = YES;
				CLANG_ENABLE_OBJC_ARC = YES;
				CLANG_ENABLE_OBJC_WEAK = YES;
				CLANG_WARN_BLOCK_CAPTURE_AUTORELEASING = YES;
				CLANG_WARN_BOOL_CONVERSION = YES;
				CLANG_WARN_COMMA = YES;
				CLANG_WARN_CONSTANT_CONVERSION = YES;
				CLANG_WARN_DEPRECATED_OBJC_IMPLEMENTATIONS = YES;
				CLANG_WARN_DIRECT_OBJC_ISA_USAGE = YES_ERROR;
				CLANG_WARN_DOCUMENTATION_COMMENTS = YES;
				CLANG_WARN_EMPTY_BODY = YES;
				CLANG_WARN_ENUM_CONVERSION = YES;
				CLANG_WARN_INFINITE_RECURSION = YES;
				CLANG_WARN_INT_CONVERSION = YES;
				CLANG_WARN_NON_LITERAL_NULL_CONVERSION = YES;
				CLANG_WARN_OBJC_IMPLICIT_RETAIN_SELF = YES;
				CLANG_WARN_OBJC_LITERAL_CONVERSION = YES;
				CLANG_WARN_OBJC_ROOT_CLASS = YES_ERROR;
				CLANG_WARN_RANGE_LOOP_ANALYSIS = YES;
				CLANG_WARN_STRICT_PROTOTYPES = YES;
				CLANG_WARN_SUSPICIOUS_MOVE = YES;
				CLANG_WARN_UNGUARDED_AVAILABILITY = YES_AGGRESSIVE;
				CLANG_WARN_UNREACHABLE_CODE = YES;
				CLANG_WARN__DUPLICATE_METHOD_MATCH = YES;
				CODE_SIGN_STYLE = Automatic;
				COPY_PHASE_STRIP = NO;
				DEBUG_INFORMATION_FORMAT = "dwarf-with-dsym";
				DEVELOPMENT_TEAM = YM6UBXA47M;
				ENABLE_NS_ASSERTIONS = NO;
				ENABLE_STRICT_OBJC_MSGSEND = YES;
				GCC_C_LANGUAGE_STANDARD = gnu11;
				GCC_NO_COMMON_BLOCKS = YES;
				GCC_WARN_64_TO_32_BIT_CONVERSION = YES;
				GCC_WARN_ABOUT_RETURN_TYPE = YES_ERROR;
				GCC_WARN_UNDECLARED_SELECTOR = YES;
				GCC_WARN_UNINITIALIZED_AUTOS = YES_AGGRESSIVE;
				GCC_WARN_UNUSED_FUNCTION = YES;
				GCC_WARN_UNUSED_VARIABLE = YES;
				INFOPLIST_FILE = "Test Host/Info.plist";
				IPHONEOS_DEPLOYMENT_TARGET = 12.4;
				LD_RUNPATH_SEARCH_PATHS = (
					"$(inherited)",
					"@executable_path/Frameworks",
				);
				MTL_ENABLE_DEBUG_INFO = NO;
				MTL_FAST_MATH = YES;
				PRODUCT_BUNDLE_IDENTIFIER = "com.yieldlab.Yieldprobe.Test-Host";
				PRODUCT_NAME = "$(TARGET_NAME)";
				SDKROOT = iphoneos;
				SWIFT_COMPILATION_MODE = wholemodule;
				SWIFT_OPTIMIZATION_LEVEL = "-O";
				SWIFT_VERSION = 5.0;
				TARGETED_DEVICE_FAMILY = "1,2";
				VALIDATE_PRODUCT = YES;
			};
			name = Release;
		};
/* End XCBuildConfiguration section */

/* Begin XCConfigurationList section */
		915C8A3C2343724A00746E7E /* Build configuration list for PBXProject "SDK" */ = {
			isa = XCConfigurationList;
			buildConfigurations = (
				915C8A3D2343724A00746E7E /* Debug */,
				915C8A3E2343724A00746E7E /* Release */,
			);
			defaultConfigurationIsVisible = 0;
			defaultConfigurationName = Release;
		};
		915C8A7D23437B4500746E7E /* Build configuration list for PBXNativeTarget "Unit Tests" */ = {
			isa = XCConfigurationList;
			buildConfigurations = (
				915C8A7E23437B4500746E7E /* Debug */,
				915C8A7F23437B4500746E7E /* Release */,
			);
			defaultConfigurationIsVisible = 0;
			defaultConfigurationName = Release;
		};
		915C8AB3234384FD00746E7E /* Build configuration list for PBXNativeTarget "Yieldprobe" */ = {
			isa = XCConfigurationList;
			buildConfigurations = (
				915C8AB4234384FD00746E7E /* Debug */,
				915C8AB5234384FD00746E7E /* Release */,
			);
			defaultConfigurationIsVisible = 0;
			defaultConfigurationName = Release;
		};
		915C8ACE234385DA00746E7E /* Build configuration list for PBXNativeTarget "Test Host" */ = {
			isa = XCConfigurationList;
			buildConfigurations = (
				915C8ACF234385DA00746E7E /* Debug */,
				915C8AD0234385DA00746E7E /* Release */,
			);
			defaultConfigurationIsVisible = 0;
			defaultConfigurationName = Release;
		};
/* End XCConfigurationList section */
	};
	rootObject = 915C8A392343724A00746E7E /* Project object */;
}
