// !$*UTF8*$!
{
	archiveVersion = 1;
	classes = {
	};
	objectVersion = 50;
	objects = {

/* Begin PBXBuildFile section */
		915618C8234B257A00D5F530 /* HighResolutionClock.swift in Sources */ = {isa = PBXBuildFile; fileRef = 915618C7234B257A00D5F530 /* HighResolutionClock.swift */; };
		915618CA234B25A200D5F530 /* CacheBuster.swift in Sources */ = {isa = PBXBuildFile; fileRef = 915618C9234B25A200D5F530 /* CacheBuster.swift */; };
		915618CC234B299C00D5F530 /* URLComponents+YLD.swift in Sources */ = {isa = PBXBuildFile; fileRef = 915618CB234B299C00D5F530 /* URLComponents+YLD.swift */; };
		915618CE234B29AD00D5F530 /* URLComponentsTests.swift in Sources */ = {isa = PBXBuildFile; fileRef = 915618CD234B29AD00D5F530 /* URLComponentsTests.swift */; };
		915618D0234B2FDB00D5F530 /* ConsentDecorator.swift in Sources */ = {isa = PBXBuildFile; fileRef = 915618CF234B2FDB00D5F530 /* ConsentDecorator.swift */; };
		915618D2234B30F600D5F530 /* ConsentDecoratorTests.swift in Sources */ = {isa = PBXBuildFile; fileRef = 915618D1234B30F600D5F530 /* ConsentDecoratorTests.swift */; };
		915618D4234B3D9100D5F530 /* URLDecorator.swift in Sources */ = {isa = PBXBuildFile; fileRef = 915618D3234B3D9100D5F530 /* URLDecorator.swift */; };
		915618D6234B3DDF00D5F530 /* URL+YLD.swift in Sources */ = {isa = PBXBuildFile; fileRef = 915618D5234B3DDF00D5F530 /* URL+YLD.swift */; };
		915618D8234B3F1500D5F530 /* UserDefaults+YLD.swift in Sources */ = {isa = PBXBuildFile; fileRef = 915618D7234B3F1500D5F530 /* UserDefaults+YLD.swift */; };
		915618DA234B409200D5F530 /* UserDefaultsTests.swift in Sources */ = {isa = PBXBuildFile; fileRef = 915618D9234B409200D5F530 /* UserDefaultsTests.swift */; };
		915618DC234B483400D5F530 /* LocationDecorator.swift in Sources */ = {isa = PBXBuildFile; fileRef = 915618DB234B483400D5F530 /* LocationDecorator.swift */; };
		915618DE234B6ED600D5F530 /* LocationDecoratorTests.swift in Sources */ = {isa = PBXBuildFile; fileRef = 915618DD234B6ED600D5F530 /* LocationDecoratorTests.swift */; };
		915618E0234B6FC100D5F530 /* CLLocationManager+YLD.swift in Sources */ = {isa = PBXBuildFile; fileRef = 915618DF234B6FC100D5F530 /* CLLocationManager+YLD.swift */; };
		915618E2234B954800D5F530 /* IDFADecorator.swift in Sources */ = {isa = PBXBuildFile; fileRef = 915618E1234B954800D5F530 /* IDFADecorator.swift */; };
		915618E4234B956F00D5F530 /* IDFADecoratorTests.swift in Sources */ = {isa = PBXBuildFile; fileRef = 915618E3234B956E00D5F530 /* IDFADecoratorTests.swift */; };
		915618E6234B973600D5F530 /* ASIdentifierManager+YLD.swift in Sources */ = {isa = PBXBuildFile; fileRef = 915618E5234B973600D5F530 /* ASIdentifierManager+YLD.swift */; };
		915C8A7923437B4500746E7E /* CanaryTests.swift in Sources */ = {isa = PBXBuildFile; fileRef = 915C8A7823437B4500746E7E /* CanaryTests.swift */; };
		915C8AB82343855400746E7E /* Yieldprobe.swift in Sources */ = {isa = PBXBuildFile; fileRef = 915C8AB72343855400746E7E /* Yieldprobe.swift */; };
		915C8AC0234385D400746E7E /* AppDelegate.swift in Sources */ = {isa = PBXBuildFile; fileRef = 915C8ABF234385D400746E7E /* AppDelegate.swift */; };
		915C8AC2234385D400746E7E /* SceneDelegate.swift in Sources */ = {isa = PBXBuildFile; fileRef = 915C8AC1234385D400746E7E /* SceneDelegate.swift */; };
		915C8AC4234385D400746E7E /* ViewController.swift in Sources */ = {isa = PBXBuildFile; fileRef = 915C8AC3234385D400746E7E /* ViewController.swift */; };
		915C8AC7234385D400746E7E /* Main.storyboard in Resources */ = {isa = PBXBuildFile; fileRef = 915C8AC5234385D400746E7E /* Main.storyboard */; };
		915C8AC9234385DA00746E7E /* Assets.xcassets in Resources */ = {isa = PBXBuildFile; fileRef = 915C8AC8234385DA00746E7E /* Assets.xcassets */; };
		915C8ACC234385DA00746E7E /* LaunchScreen.storyboard in Resources */ = {isa = PBXBuildFile; fileRef = 915C8ACA234385DA00746E7E /* LaunchScreen.storyboard */; };
		915C8AD42343871400746E7E /* Yieldprobe.framework in Frameworks */ = {isa = PBXBuildFile; fileRef = 915C8AAA234384FC00746E7E /* Yieldprobe.framework */; };
		915C8AD52343871400746E7E /* Yieldprobe.framework in Embed Frameworks */ = {isa = PBXBuildFile; fileRef = 915C8AAA234384FC00746E7E /* Yieldprobe.framework */; settings = {ATTRIBUTES = (CodeSignOnCopy, RemoveHeadersOnCopy, ); }; };
		915C8ADB2343897600746E7E /* HTTPClient.swift in Sources */ = {isa = PBXBuildFile; fileRef = 915C8ADA2343897600746E7E /* HTTPClient.swift */; };
		915C8ADD234389BA00746E7E /* URLSession+YLD.swift in Sources */ = {isa = PBXBuildFile; fileRef = 915C8ADC234389BA00746E7E /* URLSession+YLD.swift */; };
		915C8AE123438BAD00746E7E /* YieldprobeTests.swift in Sources */ = {isa = PBXBuildFile; fileRef = 915C8AE023438BAD00746E7E /* YieldprobeTests.swift */; };
		915C8AE323438C0800746E7E /* HTTPMock.swift in Sources */ = {isa = PBXBuildFile; fileRef = 915C8AE223438C0800746E7E /* HTTPMock.swift */; };
		91D8646923477BF4006E6563 /* URL+YLD.swift in Sources */ = {isa = PBXBuildFile; fileRef = 91D8646823477BF4006E6563 /* URL+YLD.swift */; };
		91D8646B234794DB006E6563 /* URLSessionTests.swift in Sources */ = {isa = PBXBuildFile; fileRef = 91D8646A234794DB006E6563 /* URLSessionTests.swift */; };
/* End PBXBuildFile section */

/* Begin PBXContainerItemProxy section */
		915C8AD12343870700746E7E /* PBXContainerItemProxy */ = {
			isa = PBXContainerItemProxy;
			containerPortal = 915C8A392343724A00746E7E /* Project object */;
			proxyType = 1;
			remoteGlobalIDString = 915C8ABC234385D400746E7E;
			remoteInfo = "Test Host";
		};
		915C8AD62343871400746E7E /* PBXContainerItemProxy */ = {
			isa = PBXContainerItemProxy;
			containerPortal = 915C8A392343724A00746E7E /* Project object */;
			proxyType = 1;
			remoteGlobalIDString = 915C8AA9234384FC00746E7E;
			remoteInfo = Yieldprobe;
		};
		915C8AE423438D1500746E7E /* PBXContainerItemProxy */ = {
			isa = PBXContainerItemProxy;
			containerPortal = 915C8A392343724A00746E7E /* Project object */;
			proxyType = 1;
			remoteGlobalIDString = 915C8AA9234384FC00746E7E;
			remoteInfo = Yieldprobe;
		};
/* End PBXContainerItemProxy section */

/* Begin PBXCopyFilesBuildPhase section */
		915C8AD82343871400746E7E /* Embed Frameworks */ = {
			isa = PBXCopyFilesBuildPhase;
			buildActionMask = 2147483647;
			dstPath = "";
			dstSubfolderSpec = 10;
			files = (
				915C8AD52343871400746E7E /* Yieldprobe.framework in Embed Frameworks */,
			);
			name = "Embed Frameworks";
			runOnlyForDeploymentPostprocessing = 0;
		};
/* End PBXCopyFilesBuildPhase section */

/* Begin PBXFileReference section */
		915618C7234B257A00D5F530 /* HighResolutionClock.swift */ = {isa = PBXFileReference; lastKnownFileType = sourcecode.swift; path = HighResolutionClock.swift; sourceTree = "<group>"; };
		915618C9234B25A200D5F530 /* CacheBuster.swift */ = {isa = PBXFileReference; lastKnownFileType = sourcecode.swift; path = CacheBuster.swift; sourceTree = "<group>"; };
		915618CB234B299C00D5F530 /* URLComponents+YLD.swift */ = {isa = PBXFileReference; lastKnownFileType = sourcecode.swift; path = "URLComponents+YLD.swift"; sourceTree = "<group>"; };
		915618CD234B29AD00D5F530 /* URLComponentsTests.swift */ = {isa = PBXFileReference; lastKnownFileType = sourcecode.swift; path = URLComponentsTests.swift; sourceTree = "<group>"; };
		915618CF234B2FDB00D5F530 /* ConsentDecorator.swift */ = {isa = PBXFileReference; lastKnownFileType = sourcecode.swift; path = ConsentDecorator.swift; sourceTree = "<group>"; };
		915618D1234B30F600D5F530 /* ConsentDecoratorTests.swift */ = {isa = PBXFileReference; lastKnownFileType = sourcecode.swift; path = ConsentDecoratorTests.swift; sourceTree = "<group>"; };
		915618D3234B3D9100D5F530 /* URLDecorator.swift */ = {isa = PBXFileReference; lastKnownFileType = sourcecode.swift; path = URLDecorator.swift; sourceTree = "<group>"; };
		915618D5234B3DDF00D5F530 /* URL+YLD.swift */ = {isa = PBXFileReference; lastKnownFileType = sourcecode.swift; path = "URL+YLD.swift"; sourceTree = "<group>"; };
		915618D7234B3F1500D5F530 /* UserDefaults+YLD.swift */ = {isa = PBXFileReference; lastKnownFileType = sourcecode.swift; path = "UserDefaults+YLD.swift"; sourceTree = "<group>"; };
		915618D9234B409200D5F530 /* UserDefaultsTests.swift */ = {isa = PBXFileReference; lastKnownFileType = sourcecode.swift; path = UserDefaultsTests.swift; sourceTree = "<group>"; };
		915618DB234B483400D5F530 /* LocationDecorator.swift */ = {isa = PBXFileReference; lastKnownFileType = sourcecode.swift; path = LocationDecorator.swift; sourceTree = "<group>"; };
		915618DD234B6ED600D5F530 /* LocationDecoratorTests.swift */ = {isa = PBXFileReference; lastKnownFileType = sourcecode.swift; path = LocationDecoratorTests.swift; sourceTree = "<group>"; };
		915618DF234B6FC100D5F530 /* CLLocationManager+YLD.swift */ = {isa = PBXFileReference; lastKnownFileType = sourcecode.swift; path = "CLLocationManager+YLD.swift"; sourceTree = "<group>"; };
		915618E1234B954800D5F530 /* IDFADecorator.swift */ = {isa = PBXFileReference; lastKnownFileType = sourcecode.swift; path = IDFADecorator.swift; sourceTree = "<group>"; };
		915618E3234B956E00D5F530 /* IDFADecoratorTests.swift */ = {isa = PBXFileReference; lastKnownFileType = sourcecode.swift; path = IDFADecoratorTests.swift; sourceTree = "<group>"; };
		915618E5234B973600D5F530 /* ASIdentifierManager+YLD.swift */ = {isa = PBXFileReference; lastKnownFileType = sourcecode.swift; path = "ASIdentifierManager+YLD.swift"; sourceTree = "<group>"; };
		915C8A7623437B4500746E7E /* Unit Tests.xctest */ = {isa = PBXFileReference; explicitFileType = wrapper.cfbundle; includeInIndex = 0; path = "Unit Tests.xctest"; sourceTree = BUILT_PRODUCTS_DIR; };
		915C8A7823437B4500746E7E /* CanaryTests.swift */ = {isa = PBXFileReference; lastKnownFileType = sourcecode.swift; path = CanaryTests.swift; sourceTree = "<group>"; };
		915C8A7A23437B4500746E7E /* Info.plist */ = {isa = PBXFileReference; lastKnownFileType = text.plist.xml; path = Info.plist; sourceTree = "<group>"; };
		915C8AAA234384FC00746E7E /* Yieldprobe.framework */ = {isa = PBXFileReference; explicitFileType = wrapper.framework; includeInIndex = 0; path = Yieldprobe.framework; sourceTree = BUILT_PRODUCTS_DIR; };
		915C8AAD234384FC00746E7E /* Info.plist */ = {isa = PBXFileReference; lastKnownFileType = text.plist.xml; path = Info.plist; sourceTree = "<group>"; };
		915C8AB72343855400746E7E /* Yieldprobe.swift */ = {isa = PBXFileReference; lastKnownFileType = sourcecode.swift; path = Yieldprobe.swift; sourceTree = "<group>"; };
		915C8ABD234385D400746E7E /* Test Host.app */ = {isa = PBXFileReference; explicitFileType = wrapper.application; includeInIndex = 0; path = "Test Host.app"; sourceTree = BUILT_PRODUCTS_DIR; };
		915C8ABF234385D400746E7E /* AppDelegate.swift */ = {isa = PBXFileReference; lastKnownFileType = sourcecode.swift; path = AppDelegate.swift; sourceTree = "<group>"; };
		915C8AC1234385D400746E7E /* SceneDelegate.swift */ = {isa = PBXFileReference; lastKnownFileType = sourcecode.swift; path = SceneDelegate.swift; sourceTree = "<group>"; };
		915C8AC3234385D400746E7E /* ViewController.swift */ = {isa = PBXFileReference; lastKnownFileType = sourcecode.swift; path = ViewController.swift; sourceTree = "<group>"; };
		915C8AC6234385D400746E7E /* Base */ = {isa = PBXFileReference; lastKnownFileType = file.storyboard; name = Base; path = Base.lproj/Main.storyboard; sourceTree = "<group>"; };
		915C8AC8234385DA00746E7E /* Assets.xcassets */ = {isa = PBXFileReference; lastKnownFileType = folder.assetcatalog; path = Assets.xcassets; sourceTree = "<group>"; };
		915C8ACB234385DA00746E7E /* Base */ = {isa = PBXFileReference; lastKnownFileType = file.storyboard; name = Base; path = Base.lproj/LaunchScreen.storyboard; sourceTree = "<group>"; };
		915C8ACD234385DA00746E7E /* Info.plist */ = {isa = PBXFileReference; lastKnownFileType = text.plist.xml; path = Info.plist; sourceTree = "<group>"; };
		915C8ADA2343897600746E7E /* HTTPClient.swift */ = {isa = PBXFileReference; lastKnownFileType = sourcecode.swift; path = HTTPClient.swift; sourceTree = "<group>"; };
		915C8ADC234389BA00746E7E /* URLSession+YLD.swift */ = {isa = PBXFileReference; lastKnownFileType = sourcecode.swift; path = "URLSession+YLD.swift"; sourceTree = "<group>"; };
		915C8AE023438BAD00746E7E /* YieldprobeTests.swift */ = {isa = PBXFileReference; lastKnownFileType = sourcecode.swift; path = YieldprobeTests.swift; sourceTree = "<group>"; };
		915C8AE223438C0800746E7E /* HTTPMock.swift */ = {isa = PBXFileReference; lastKnownFileType = sourcecode.swift; path = HTTPMock.swift; sourceTree = "<group>"; };
		91D8646823477BF4006E6563 /* URL+YLD.swift */ = {isa = PBXFileReference; lastKnownFileType = sourcecode.swift; path = "URL+YLD.swift"; sourceTree = "<group>"; };
		91D8646A234794DB006E6563 /* URLSessionTests.swift */ = {isa = PBXFileReference; lastKnownFileType = sourcecode.swift; path = URLSessionTests.swift; sourceTree = "<group>"; };
/* End PBXFileReference section */

/* Begin PBXFrameworksBuildPhase section */
		915C8A7323437B4500746E7E /* Frameworks */ = {
			isa = PBXFrameworksBuildPhase;
			buildActionMask = 2147483647;
			files = (
			);
			runOnlyForDeploymentPostprocessing = 0;
		};
		915C8AA7234384FC00746E7E /* Frameworks */ = {
			isa = PBXFrameworksBuildPhase;
			buildActionMask = 2147483647;
			files = (
			);
			runOnlyForDeploymentPostprocessing = 0;
		};
		915C8ABA234385D400746E7E /* Frameworks */ = {
			isa = PBXFrameworksBuildPhase;
			buildActionMask = 2147483647;
			files = (
				915C8AD42343871400746E7E /* Yieldprobe.framework in Frameworks */,
			);
			runOnlyForDeploymentPostprocessing = 0;
		};
/* End PBXFrameworksBuildPhase section */

/* Begin PBXGroup section */
		915C8A382343724A00746E7E = {
			isa = PBXGroup;
			children = (
				915C8AAB234384FC00746E7E /* Yieldprobe */,
				915C8A7723437B4500746E7E /* Unit Tests */,
				915C8ABE234385D400746E7E /* Test Host */,
				915C8A5E23437B2B00746E7E /* Products */,
				915C8AD32343871400746E7E /* Frameworks */,
			);
			sourceTree = "<group>";
		};
		915C8A5E23437B2B00746E7E /* Products */ = {
			isa = PBXGroup;
			children = (
				915C8A7623437B4500746E7E /* Unit Tests.xctest */,
				915C8AAA234384FC00746E7E /* Yieldprobe.framework */,
				915C8ABD234385D400746E7E /* Test Host.app */,
			);
			name = Products;
			sourceTree = "<group>";
		};
		915C8A7723437B4500746E7E /* Unit Tests */ = {
			isa = PBXGroup;
			children = (
				91D8646723477BE4006E6563 /* Extensions */,
				915C8A7823437B4500746E7E /* CanaryTests.swift */,
				915C8AE223438C0800746E7E /* HTTPMock.swift */,
				915C8A7A23437B4500746E7E /* Info.plist */,
			);
			path = "Unit Tests";
			sourceTree = "<group>";
		};
		915C8AAB234384FC00746E7E /* Yieldprobe */ = {
			isa = PBXGroup;
			children = (
				915C8AD92343896600746E7E /* Extensions */,
				915618C9234B25A200D5F530 /* CacheBuster.swift */,
				915618CF234B2FDB00D5F530 /* ConsentDecorator.swift */,
				915618D1234B30F600D5F530 /* ConsentDecoratorTests.swift */,
				915C8AAD234384FC00746E7E /* Info.plist */,
				915618C7234B257A00D5F530 /* HighResolutionClock.swift */,
				915C8ADA2343897600746E7E /* HTTPClient.swift */,
				915618E1234B954800D5F530 /* IDFADecorator.swift */,
				915618E3234B956E00D5F530 /* IDFADecoratorTests.swift */,
				915618DB234B483400D5F530 /* LocationDecorator.swift */,
				915618DD234B6ED600D5F530 /* LocationDecoratorTests.swift */,
				915618D3234B3D9100D5F530 /* URLDecorator.swift */,
				915C8AB72343855400746E7E /* Yieldprobe.swift */,
				915C8AE023438BAD00746E7E /* YieldprobeTests.swift */,
			);
			path = Yieldprobe;
			sourceTree = "<group>";
		};
		915C8ABE234385D400746E7E /* Test Host */ = {
			isa = PBXGroup;
			children = (
				915C8ABF234385D400746E7E /* AppDelegate.swift */,
				915C8AC1234385D400746E7E /* SceneDelegate.swift */,
				915C8AC3234385D400746E7E /* ViewController.swift */,
				915C8AC5234385D400746E7E /* Main.storyboard */,
				915C8AC8234385DA00746E7E /* Assets.xcassets */,
				915C8ACA234385DA00746E7E /* LaunchScreen.storyboard */,
				915C8ACD234385DA00746E7E /* Info.plist */,
			);
			path = "Test Host";
			sourceTree = "<group>";
		};
		915C8AD32343871400746E7E /* Frameworks */ = {
			isa = PBXGroup;
			children = (
			);
			name = Frameworks;
			sourceTree = "<group>";
		};
		915C8AD92343896600746E7E /* Extensions */ = {
			isa = PBXGroup;
			children = (
				915618E5234B973600D5F530 /* ASIdentifierManager+YLD.swift */,
				915618DF234B6FC100D5F530 /* CLLocationManager+YLD.swift */,
				915618D5234B3DDF00D5F530 /* URL+YLD.swift */,
				915618CB234B299C00D5F530 /* URLComponents+YLD.swift */,
				915618CD234B29AD00D5F530 /* URLComponentsTests.swift */,
				915C8ADC234389BA00746E7E /* URLSession+YLD.swift */,
				91D8646A234794DB006E6563 /* URLSessionTests.swift */,
				915618D7234B3F1500D5F530 /* UserDefaults+YLD.swift */,
				915618D9234B409200D5F530 /* UserDefaultsTests.swift */,
			);
			path = Extensions;
			sourceTree = "<group>";
		};
		91D8646723477BE4006E6563 /* Extensions */ = {
			isa = PBXGroup;
			children = (
				91D8646823477BF4006E6563 /* URL+YLD.swift */,
			);
			path = Extensions;
			sourceTree = "<group>";
		};
/* End PBXGroup section */

/* Begin PBXHeadersBuildPhase section */
		915C8AA5234384FC00746E7E /* Headers */ = {
			isa = PBXHeadersBuildPhase;
			buildActionMask = 2147483647;
			files = (
			);
			runOnlyForDeploymentPostprocessing = 0;
		};
/* End PBXHeadersBuildPhase section */

/* Begin PBXNativeTarget section */
		915C8A7523437B4500746E7E /* Unit Tests */ = {
			isa = PBXNativeTarget;
			buildConfigurationList = 915C8A7D23437B4500746E7E /* Build configuration list for PBXNativeTarget "Unit Tests" */;
			buildPhases = (
				915C8A7223437B4500746E7E /* Sources */,
				915C8A7323437B4500746E7E /* Frameworks */,
				915C8A7423437B4500746E7E /* Resources */,
			);
			buildRules = (
			);
			dependencies = (
				915C8AE523438D1500746E7E /* PBXTargetDependency */,
				915C8AD22343870700746E7E /* PBXTargetDependency */,
			);
			name = "Unit Tests";
			productName = "Unit Tests";
			productReference = 915C8A7623437B4500746E7E /* Unit Tests.xctest */;
			productType = "com.apple.product-type.bundle.unit-test";
		};
		915C8AA9234384FC00746E7E /* Yieldprobe */ = {
			isa = PBXNativeTarget;
			buildConfigurationList = 915C8AB3234384FD00746E7E /* Build configuration list for PBXNativeTarget "Yieldprobe" */;
			buildPhases = (
				915C8AA5234384FC00746E7E /* Headers */,
				915C8AA6234384FC00746E7E /* Sources */,
				915C8AA7234384FC00746E7E /* Frameworks */,
				915C8AA8234384FC00746E7E /* Resources */,
			);
			buildRules = (
			);
			dependencies = (
			);
			name = Yieldprobe;
			productName = Yieldprobe;
			productReference = 915C8AAA234384FC00746E7E /* Yieldprobe.framework */;
			productType = "com.apple.product-type.framework";
		};
		915C8ABC234385D400746E7E /* Test Host */ = {
			isa = PBXNativeTarget;
			buildConfigurationList = 915C8ACE234385DA00746E7E /* Build configuration list for PBXNativeTarget "Test Host" */;
			buildPhases = (
				915C8AB9234385D400746E7E /* Sources */,
				915C8ABA234385D400746E7E /* Frameworks */,
				915C8ABB234385D400746E7E /* Resources */,
				915C8AD82343871400746E7E /* Embed Frameworks */,
			);
			buildRules = (
			);
			dependencies = (
				915C8AD72343871400746E7E /* PBXTargetDependency */,
			);
			name = "Test Host";
			productName = "Test Host";
			productReference = 915C8ABD234385D400746E7E /* Test Host.app */;
			productType = "com.apple.product-type.application";
		};
/* End PBXNativeTarget section */

/* Begin PBXProject section */
		915C8A392343724A00746E7E /* Project object */ = {
			isa = PBXProject;
			attributes = {
				LastSwiftUpdateCheck = 1100;
				LastUpgradeCheck = 1100;
				TargetAttributes = {
					915C8A7523437B4500746E7E = {
						CreatedOnToolsVersion = 11.0;
						TestTargetID = 915C8ABC234385D400746E7E;
					};
					915C8AA9234384FC00746E7E = {
						CreatedOnToolsVersion = 11.0;
						LastSwiftMigration = 1100;
					};
					915C8ABC234385D400746E7E = {
						CreatedOnToolsVersion = 11.0;
					};
				};
			};
			buildConfigurationList = 915C8A3C2343724A00746E7E /* Build configuration list for PBXProject "SDK" */;
			compatibilityVersion = "Xcode 9.3";
			developmentRegion = en;
			hasScannedForEncodings = 0;
			knownRegions = (
				en,
				Base,
			);
			mainGroup = 915C8A382343724A00746E7E;
			productRefGroup = 915C8A5E23437B2B00746E7E /* Products */;
			projectDirPath = "";
			projectRoot = "";
			targets = (
				915C8ABC234385D400746E7E /* Test Host */,
				915C8A7523437B4500746E7E /* Unit Tests */,
				915C8AA9234384FC00746E7E /* Yieldprobe */,
			);
		};
/* End PBXProject section */

/* Begin PBXResourcesBuildPhase section */
		915C8A7423437B4500746E7E /* Resources */ = {
			isa = PBXResourcesBuildPhase;
			buildActionMask = 2147483647;
			files = (
			);
			runOnlyForDeploymentPostprocessing = 0;
		};
		915C8AA8234384FC00746E7E /* Resources */ = {
			isa = PBXResourcesBuildPhase;
			buildActionMask = 2147483647;
			files = (
			);
			runOnlyForDeploymentPostprocessing = 0;
		};
		915C8ABB234385D400746E7E /* Resources */ = {
			isa = PBXResourcesBuildPhase;
			buildActionMask = 2147483647;
			files = (
				915C8ACC234385DA00746E7E /* LaunchScreen.storyboard in Resources */,
				915C8AC9234385DA00746E7E /* Assets.xcassets in Resources */,
				915C8AC7234385D400746E7E /* Main.storyboard in Resources */,
			);
			runOnlyForDeploymentPostprocessing = 0;
		};
/* End PBXResourcesBuildPhase section */

/* Begin PBXSourcesBuildPhase section */
		915C8A7223437B4500746E7E /* Sources */ = {
			isa = PBXSourcesBuildPhase;
			buildActionMask = 2147483647;
			files = (
				91D8646B234794DB006E6563 /* URLSessionTests.swift in Sources */,
				915618CE234B29AD00D5F530 /* URLComponentsTests.swift in Sources */,
				915C8AE323438C0800746E7E /* HTTPMock.swift in Sources */,
				915C8AE123438BAD00746E7E /* YieldprobeTests.swift in Sources */,
				915618DE234B6ED600D5F530 /* LocationDecoratorTests.swift in Sources */,
				915618E4234B956F00D5F530 /* IDFADecoratorTests.swift in Sources */,
				915618DA234B409200D5F530 /* UserDefaultsTests.swift in Sources */,
				915C8A7923437B4500746E7E /* CanaryTests.swift in Sources */,
				915618D2234B30F600D5F530 /* ConsentDecoratorTests.swift in Sources */,
				91D8646923477BF4006E6563 /* URL+YLD.swift in Sources */,
			);
			runOnlyForDeploymentPostprocessing = 0;
		};
		915C8AA6234384FC00746E7E /* Sources */ = {
			isa = PBXSourcesBuildPhase;
			buildActionMask = 2147483647;
			files = (
				915618DC234B483400D5F530 /* LocationDecorator.swift in Sources */,
				915618D6234B3DDF00D5F530 /* URL+YLD.swift in Sources */,
				915618CA234B25A200D5F530 /* CacheBuster.swift in Sources */,
				915618C8234B257A00D5F530 /* HighResolutionClock.swift in Sources */,
				915618E2234B954800D5F530 /* IDFADecorator.swift in Sources */,
				915C8ADD234389BA00746E7E /* URLSession+YLD.swift in Sources */,
				915618E0234B6FC100D5F530 /* CLLocationManager+YLD.swift in Sources */,
				915618D8234B3F1500D5F530 /* UserDefaults+YLD.swift in Sources */,
				915618CC234B299C00D5F530 /* URLComponents+YLD.swift in Sources */,
				915618D0234B2FDB00D5F530 /* ConsentDecorator.swift in Sources */,
				915618E6234B973600D5F530 /* ASIdentifierManager+YLD.swift in Sources */,
				915618D4234B3D9100D5F530 /* URLDecorator.swift in Sources */,
				915C8ADB2343897600746E7E /* HTTPClient.swift in Sources */,
				915C8AB82343855400746E7E /* Yieldprobe.swift in Sources */,
			);
			runOnlyForDeploymentPostprocessing = 0;
		};
		915C8AB9234385D400746E7E /* Sources */ = {
			isa = PBXSourcesBuildPhase;
			buildActionMask = 2147483647;
			files = (
				915C8AC4234385D400746E7E /* ViewController.swift in Sources */,
				915C8AC0234385D400746E7E /* AppDelegate.swift in Sources */,
				915C8AC2234385D400746E7E /* SceneDelegate.swift in Sources */,
			);
			runOnlyForDeploymentPostprocessing = 0;
		};
/* End PBXSourcesBuildPhase section */

/* Begin PBXTargetDependency section */
		915C8AD22343870700746E7E /* PBXTargetDependency */ = {
			isa = PBXTargetDependency;
			target = 915C8ABC234385D400746E7E /* Test Host */;
			targetProxy = 915C8AD12343870700746E7E /* PBXContainerItemProxy */;
		};
		915C8AD72343871400746E7E /* PBXTargetDependency */ = {
			isa = PBXTargetDependency;
			target = 915C8AA9234384FC00746E7E /* Yieldprobe */;
			targetProxy = 915C8AD62343871400746E7E /* PBXContainerItemProxy */;
		};
		915C8AE523438D1500746E7E /* PBXTargetDependency */ = {
			isa = PBXTargetDependency;
			target = 915C8AA9234384FC00746E7E /* Yieldprobe */;
			targetProxy = 915C8AE423438D1500746E7E /* PBXContainerItemProxy */;
		};
/* End PBXTargetDependency section */

/* Begin PBXVariantGroup section */
		915C8AC5234385D400746E7E /* Main.storyboard */ = {
			isa = PBXVariantGroup;
			children = (
				915C8AC6234385D400746E7E /* Base */,
			);
			name = Main.storyboard;
			sourceTree = "<group>";
		};
		915C8ACA234385DA00746E7E /* LaunchScreen.storyboard */ = {
			isa = PBXVariantGroup;
			children = (
				915C8ACB234385DA00746E7E /* Base */,
			);
			name = LaunchScreen.storyboard;
			sourceTree = "<group>";
		};
/* End PBXVariantGroup section */

/* Begin XCBuildConfiguration section */
		915C8A3D2343724A00746E7E /* Debug */ = {
			isa = XCBuildConfiguration;
			buildSettings = {
			};
			name = Debug;
		};
		915C8A3E2343724A00746E7E /* Release */ = {
			isa = XCBuildConfiguration;
			buildSettings = {
			};
			name = Release;
		};
		915C8A7E23437B4500746E7E /* Debug */ = {
			isa = XCBuildConfiguration;
			buildSettings = {
				ALWAYS_SEARCH_USER_PATHS = NO;
				BUNDLE_LOADER = "$(TEST_HOST)";
				CLANG_ANALYZER_NONNULL = YES;
				CLANG_ANALYZER_NUMBER_OBJECT_CONVERSION = YES_AGGRESSIVE;
				CLANG_CXX_LANGUAGE_STANDARD = "gnu++14";
				CLANG_CXX_LIBRARY = "libc++";
				CLANG_ENABLE_MODULES = YES;
				CLANG_ENABLE_OBJC_ARC = YES;
				CLANG_ENABLE_OBJC_WEAK = YES;
				CLANG_WARN_BLOCK_CAPTURE_AUTORELEASING = YES;
				CLANG_WARN_BOOL_CONVERSION = YES;
				CLANG_WARN_COMMA = YES;
				CLANG_WARN_CONSTANT_CONVERSION = YES;
				CLANG_WARN_DEPRECATED_OBJC_IMPLEMENTATIONS = YES;
				CLANG_WARN_DIRECT_OBJC_ISA_USAGE = YES_ERROR;
				CLANG_WARN_DOCUMENTATION_COMMENTS = YES;
				CLANG_WARN_EMPTY_BODY = YES;
				CLANG_WARN_ENUM_CONVERSION = YES;
				CLANG_WARN_INFINITE_RECURSION = YES;
				CLANG_WARN_INT_CONVERSION = YES;
				CLANG_WARN_NON_LITERAL_NULL_CONVERSION = YES;
				CLANG_WARN_OBJC_IMPLICIT_RETAIN_SELF = YES;
				CLANG_WARN_OBJC_LITERAL_CONVERSION = YES;
				CLANG_WARN_OBJC_ROOT_CLASS = YES_ERROR;
				CLANG_WARN_RANGE_LOOP_ANALYSIS = YES;
				CLANG_WARN_STRICT_PROTOTYPES = YES;
				CLANG_WARN_SUSPICIOUS_MOVE = YES;
				CLANG_WARN_UNGUARDED_AVAILABILITY = YES_AGGRESSIVE;
				CLANG_WARN_UNREACHABLE_CODE = YES;
				CLANG_WARN__DUPLICATE_METHOD_MATCH = YES;
				CODE_SIGN_STYLE = Automatic;
				COPY_PHASE_STRIP = NO;
				DEBUG_INFORMATION_FORMAT = dwarf;
				DEVELOPMENT_TEAM = 38R2LLP8AF;
				ENABLE_STRICT_OBJC_MSGSEND = YES;
				ENABLE_TESTABILITY = YES;
				GCC_C_LANGUAGE_STANDARD = gnu11;
				GCC_DYNAMIC_NO_PIC = NO;
				GCC_NO_COMMON_BLOCKS = YES;
				GCC_OPTIMIZATION_LEVEL = 0;
				GCC_PREPROCESSOR_DEFINITIONS = (
					"DEBUG=1",
					"$(inherited)",
				);
				GCC_WARN_64_TO_32_BIT_CONVERSION = YES;
				GCC_WARN_ABOUT_RETURN_TYPE = YES_ERROR;
				GCC_WARN_UNDECLARED_SELECTOR = YES;
				GCC_WARN_UNINITIALIZED_AUTOS = YES_AGGRESSIVE;
				GCC_WARN_UNUSED_FUNCTION = YES;
				GCC_WARN_UNUSED_VARIABLE = YES;
				INFOPLIST_FILE = "Unit Tests/Info.plist";
				IPHONEOS_DEPLOYMENT_TARGET = 13.0;
				LD_RUNPATH_SEARCH_PATHS = (
					"$(inherited)",
					"@executable_path/Frameworks",
					"@loader_path/Frameworks",
				);
				MTL_ENABLE_DEBUG_INFO = INCLUDE_SOURCE;
				MTL_FAST_MATH = YES;
				ONLY_ACTIVE_ARCH = YES;
				PRODUCT_BUNDLE_IDENTIFIER = "com.example.${DEVELOPMENT_TEAM}.Unit-Tests";
				PRODUCT_NAME = "$(TARGET_NAME)";
				SDKROOT = iphoneos;
				SWIFT_ACTIVE_COMPILATION_CONDITIONS = DEBUG;
				SWIFT_OPTIMIZATION_LEVEL = "-Onone";
				SWIFT_VERSION = 5.0;
				TARGETED_DEVICE_FAMILY = "1,2";
				TEST_HOST = "$(BUILT_PRODUCTS_DIR)/Test Host.app/Test Host";
			};
			name = Debug;
		};
		915C8A7F23437B4500746E7E /* Release */ = {
			isa = XCBuildConfiguration;
			buildSettings = {
				ALWAYS_SEARCH_USER_PATHS = NO;
				BUNDLE_LOADER = "$(TEST_HOST)";
				CLANG_ANALYZER_NONNULL = YES;
				CLANG_ANALYZER_NUMBER_OBJECT_CONVERSION = YES_AGGRESSIVE;
				CLANG_CXX_LANGUAGE_STANDARD = "gnu++14";
				CLANG_CXX_LIBRARY = "libc++";
				CLANG_ENABLE_MODULES = YES;
				CLANG_ENABLE_OBJC_ARC = YES;
				CLANG_ENABLE_OBJC_WEAK = YES;
				CLANG_WARN_BLOCK_CAPTURE_AUTORELEASING = YES;
				CLANG_WARN_BOOL_CONVERSION = YES;
				CLANG_WARN_COMMA = YES;
				CLANG_WARN_CONSTANT_CONVERSION = YES;
				CLANG_WARN_DEPRECATED_OBJC_IMPLEMENTATIONS = YES;
				CLANG_WARN_DIRECT_OBJC_ISA_USAGE = YES_ERROR;
				CLANG_WARN_DOCUMENTATION_COMMENTS = YES;
				CLANG_WARN_EMPTY_BODY = YES;
				CLANG_WARN_ENUM_CONVERSION = YES;
				CLANG_WARN_INFINITE_RECURSION = YES;
				CLANG_WARN_INT_CONVERSION = YES;
				CLANG_WARN_NON_LITERAL_NULL_CONVERSION = YES;
				CLANG_WARN_OBJC_IMPLICIT_RETAIN_SELF = YES;
				CLANG_WARN_OBJC_LITERAL_CONVERSION = YES;
				CLANG_WARN_OBJC_ROOT_CLASS = YES_ERROR;
				CLANG_WARN_RANGE_LOOP_ANALYSIS = YES;
				CLANG_WARN_STRICT_PROTOTYPES = YES;
				CLANG_WARN_SUSPICIOUS_MOVE = YES;
				CLANG_WARN_UNGUARDED_AVAILABILITY = YES_AGGRESSIVE;
				CLANG_WARN_UNREACHABLE_CODE = YES;
				CLANG_WARN__DUPLICATE_METHOD_MATCH = YES;
				CODE_SIGN_STYLE = Automatic;
				COPY_PHASE_STRIP = NO;
				DEBUG_INFORMATION_FORMAT = "dwarf-with-dsym";
				DEVELOPMENT_TEAM = 38R2LLP8AF;
				ENABLE_NS_ASSERTIONS = NO;
				ENABLE_STRICT_OBJC_MSGSEND = YES;
				GCC_C_LANGUAGE_STANDARD = gnu11;
				GCC_NO_COMMON_BLOCKS = YES;
				GCC_WARN_64_TO_32_BIT_CONVERSION = YES;
				GCC_WARN_ABOUT_RETURN_TYPE = YES_ERROR;
				GCC_WARN_UNDECLARED_SELECTOR = YES;
				GCC_WARN_UNINITIALIZED_AUTOS = YES_AGGRESSIVE;
				GCC_WARN_UNUSED_FUNCTION = YES;
				GCC_WARN_UNUSED_VARIABLE = YES;
				INFOPLIST_FILE = "Unit Tests/Info.plist";
				IPHONEOS_DEPLOYMENT_TARGET = 13.0;
				LD_RUNPATH_SEARCH_PATHS = (
					"$(inherited)",
					"@executable_path/Frameworks",
					"@loader_path/Frameworks",
				);
				MTL_ENABLE_DEBUG_INFO = NO;
				MTL_FAST_MATH = YES;
				PRODUCT_BUNDLE_IDENTIFIER = "com.example.${DEVELOPMENT_TEAM}.Unit-Tests";
				PRODUCT_NAME = "$(TARGET_NAME)";
				SDKROOT = iphoneos;
				SWIFT_COMPILATION_MODE = wholemodule;
				SWIFT_OPTIMIZATION_LEVEL = "-O";
				SWIFT_VERSION = 5.0;
				TARGETED_DEVICE_FAMILY = "1,2";
				TEST_HOST = "$(BUILT_PRODUCTS_DIR)/Test Host.app/Test Host";
				VALIDATE_PRODUCT = YES;
			};
			name = Release;
		};
		915C8AB4234384FD00746E7E /* Debug */ = {
			isa = XCBuildConfiguration;
			buildSettings = {
				ALWAYS_SEARCH_USER_PATHS = NO;
				BUILD_LIBRARY_FOR_DISTRIBUTION = YES;
				CLANG_ANALYZER_NONNULL = YES;
				CLANG_ANALYZER_NUMBER_OBJECT_CONVERSION = YES_AGGRESSIVE;
				CLANG_CXX_LANGUAGE_STANDARD = "gnu++14";
				CLANG_CXX_LIBRARY = "libc++";
				CLANG_ENABLE_MODULES = YES;
				CLANG_ENABLE_OBJC_ARC = YES;
				CLANG_ENABLE_OBJC_WEAK = YES;
				CLANG_WARN_BLOCK_CAPTURE_AUTORELEASING = YES;
				CLANG_WARN_BOOL_CONVERSION = YES;
				CLANG_WARN_COMMA = YES;
				CLANG_WARN_CONSTANT_CONVERSION = YES;
				CLANG_WARN_DEPRECATED_OBJC_IMPLEMENTATIONS = YES;
				CLANG_WARN_DIRECT_OBJC_ISA_USAGE = YES_ERROR;
				CLANG_WARN_DOCUMENTATION_COMMENTS = YES;
				CLANG_WARN_EMPTY_BODY = YES;
				CLANG_WARN_ENUM_CONVERSION = YES;
				CLANG_WARN_INFINITE_RECURSION = YES;
				CLANG_WARN_INT_CONVERSION = YES;
				CLANG_WARN_NON_LITERAL_NULL_CONVERSION = YES;
				CLANG_WARN_OBJC_IMPLICIT_RETAIN_SELF = YES;
				CLANG_WARN_OBJC_LITERAL_CONVERSION = YES;
				CLANG_WARN_OBJC_ROOT_CLASS = YES_ERROR;
				CLANG_WARN_RANGE_LOOP_ANALYSIS = YES;
				CLANG_WARN_STRICT_PROTOTYPES = YES;
				CLANG_WARN_SUSPICIOUS_MOVE = YES;
				CLANG_WARN_UNGUARDED_AVAILABILITY = YES_AGGRESSIVE;
				CLANG_WARN_UNREACHABLE_CODE = YES;
				CLANG_WARN__DUPLICATE_METHOD_MATCH = YES;
				CODE_SIGN_STYLE = Automatic;
				COPY_PHASE_STRIP = NO;
				CURRENT_PROJECT_VERSION = 1;
				DEBUG_INFORMATION_FORMAT = dwarf;
				DEFINES_MODULE = YES;
				DEVELOPMENT_TEAM = 38R2LLP8AF;
				DYLIB_COMPATIBILITY_VERSION = 1;
				DYLIB_CURRENT_VERSION = 1;
				DYLIB_INSTALL_NAME_BASE = "@rpath";
				ENABLE_STRICT_OBJC_MSGSEND = YES;
				ENABLE_TESTABILITY = YES;
				GCC_C_LANGUAGE_STANDARD = gnu11;
				GCC_DYNAMIC_NO_PIC = NO;
				GCC_NO_COMMON_BLOCKS = YES;
				GCC_OPTIMIZATION_LEVEL = 0;
				GCC_PREPROCESSOR_DEFINITIONS = (
					"DEBUG=1",
					"$(inherited)",
				);
				GCC_WARN_64_TO_32_BIT_CONVERSION = YES;
				GCC_WARN_ABOUT_RETURN_TYPE = YES_ERROR;
				GCC_WARN_UNDECLARED_SELECTOR = YES;
				GCC_WARN_UNINITIALIZED_AUTOS = YES_AGGRESSIVE;
				GCC_WARN_UNUSED_FUNCTION = YES;
				GCC_WARN_UNUSED_VARIABLE = YES;
				INFOPLIST_FILE = Yieldprobe/Info.plist;
				INSTALL_PATH = "$(LOCAL_LIBRARY_DIR)/Frameworks";
				IPHONEOS_DEPLOYMENT_TARGET = 12.4;
				LD_RUNPATH_SEARCH_PATHS = (
					"$(inherited)",
					"@executable_path/Frameworks",
					"@loader_path/Frameworks",
				);
				MTL_ENABLE_DEBUG_INFO = INCLUDE_SOURCE;
				MTL_FAST_MATH = YES;
				ONLY_ACTIVE_ARCH = YES;
				PRODUCT_BUNDLE_IDENTIFIER = "com.example.${DEVELOPMENT_TEAM}.Yieldprobe";
				PRODUCT_NAME = "$(TARGET_NAME:c99extidentifier)";
				SDKROOT = iphoneos;
				SKIP_INSTALL = YES;
				SWIFT_ACTIVE_COMPILATION_CONDITIONS = DEBUG;
				SWIFT_OPTIMIZATION_LEVEL = "-Onone";
				SWIFT_VERSION = 5.0;
				TARGETED_DEVICE_FAMILY = "1,2";
				VERSIONING_SYSTEM = "";
				VERSION_INFO_PREFIX = "";
			};
			name = Debug;
		};
		915C8AB5234384FD00746E7E /* Release */ = {
			isa = XCBuildConfiguration;
			buildSettings = {
				ALWAYS_SEARCH_USER_PATHS = NO;
				BUILD_LIBRARY_FOR_DISTRIBUTION = YES;
				CLANG_ANALYZER_NONNULL = YES;
				CLANG_ANALYZER_NUMBER_OBJECT_CONVERSION = YES_AGGRESSIVE;
				CLANG_CXX_LANGUAGE_STANDARD = "gnu++14";
				CLANG_CXX_LIBRARY = "libc++";
				CLANG_ENABLE_MODULES = YES;
				CLANG_ENABLE_OBJC_ARC = YES;
				CLANG_ENABLE_OBJC_WEAK = YES;
				CLANG_WARN_BLOCK_CAPTURE_AUTORELEASING = YES;
				CLANG_WARN_BOOL_CONVERSION = YES;
				CLANG_WARN_COMMA = YES;
				CLANG_WARN_CONSTANT_CONVERSION = YES;
				CLANG_WARN_DEPRECATED_OBJC_IMPLEMENTATIONS = YES;
				CLANG_WARN_DIRECT_OBJC_ISA_USAGE = YES_ERROR;
				CLANG_WARN_DOCUMENTATION_COMMENTS = YES;
				CLANG_WARN_EMPTY_BODY = YES;
				CLANG_WARN_ENUM_CONVERSION = YES;
				CLANG_WARN_INFINITE_RECURSION = YES;
				CLANG_WARN_INT_CONVERSION = YES;
				CLANG_WARN_NON_LITERAL_NULL_CONVERSION = YES;
				CLANG_WARN_OBJC_IMPLICIT_RETAIN_SELF = YES;
				CLANG_WARN_OBJC_LITERAL_CONVERSION = YES;
				CLANG_WARN_OBJC_ROOT_CLASS = YES_ERROR;
				CLANG_WARN_RANGE_LOOP_ANALYSIS = YES;
				CLANG_WARN_STRICT_PROTOTYPES = YES;
				CLANG_WARN_SUSPICIOUS_MOVE = YES;
				CLANG_WARN_UNGUARDED_AVAILABILITY = YES_AGGRESSIVE;
				CLANG_WARN_UNREACHABLE_CODE = YES;
				CLANG_WARN__DUPLICATE_METHOD_MATCH = YES;
				CODE_SIGN_STYLE = Automatic;
				COPY_PHASE_STRIP = NO;
				CURRENT_PROJECT_VERSION = 1;
				DEBUG_INFORMATION_FORMAT = "dwarf-with-dsym";
				DEFINES_MODULE = YES;
				DEVELOPMENT_TEAM = 38R2LLP8AF;
				DYLIB_COMPATIBILITY_VERSION = 1;
				DYLIB_CURRENT_VERSION = 1;
				DYLIB_INSTALL_NAME_BASE = "@rpath";
				ENABLE_NS_ASSERTIONS = NO;
				ENABLE_STRICT_OBJC_MSGSEND = YES;
				GCC_C_LANGUAGE_STANDARD = gnu11;
				GCC_NO_COMMON_BLOCKS = YES;
				GCC_WARN_64_TO_32_BIT_CONVERSION = YES;
				GCC_WARN_ABOUT_RETURN_TYPE = YES_ERROR;
				GCC_WARN_UNDECLARED_SELECTOR = YES;
				GCC_WARN_UNINITIALIZED_AUTOS = YES_AGGRESSIVE;
				GCC_WARN_UNUSED_FUNCTION = YES;
				GCC_WARN_UNUSED_VARIABLE = YES;
				INFOPLIST_FILE = Yieldprobe/Info.plist;
				INSTALL_PATH = "$(LOCAL_LIBRARY_DIR)/Frameworks";
				IPHONEOS_DEPLOYMENT_TARGET = 12.4;
				LD_RUNPATH_SEARCH_PATHS = (
					"$(inherited)",
					"@executable_path/Frameworks",
					"@loader_path/Frameworks",
				);
				MTL_ENABLE_DEBUG_INFO = NO;
				MTL_FAST_MATH = YES;
				PRODUCT_BUNDLE_IDENTIFIER = "com.example.${DEVELOPMENT_TEAM}.Yieldprobe";
				PRODUCT_NAME = "$(TARGET_NAME:c99extidentifier)";
				SDKROOT = iphoneos;
				SKIP_INSTALL = YES;
				SWIFT_COMPILATION_MODE = wholemodule;
				SWIFT_OPTIMIZATION_LEVEL = "-O";
				SWIFT_VERSION = 5.0;
				TARGETED_DEVICE_FAMILY = "1,2";
				VALIDATE_PRODUCT = YES;
				VERSIONING_SYSTEM = "";
				VERSION_INFO_PREFIX = "";
			};
			name = Release;
		};
		915C8ACF234385DA00746E7E /* Debug */ = {
			isa = XCBuildConfiguration;
			buildSettings = {
				ALWAYS_SEARCH_USER_PATHS = NO;
				ASSETCATALOG_COMPILER_APPICON_NAME = AppIcon;
				CLANG_ANALYZER_NONNULL = YES;
				CLANG_ANALYZER_NUMBER_OBJECT_CONVERSION = YES_AGGRESSIVE;
				CLANG_CXX_LANGUAGE_STANDARD = "gnu++14";
				CLANG_CXX_LIBRARY = "libc++";
				CLANG_ENABLE_MODULES = YES;
				CLANG_ENABLE_OBJC_ARC = YES;
				CLANG_ENABLE_OBJC_WEAK = YES;
				CLANG_WARN_BLOCK_CAPTURE_AUTORELEASING = YES;
				CLANG_WARN_BOOL_CONVERSION = YES;
				CLANG_WARN_COMMA = YES;
				CLANG_WARN_CONSTANT_CONVERSION = YES;
				CLANG_WARN_DEPRECATED_OBJC_IMPLEMENTATIONS = YES;
				CLANG_WARN_DIRECT_OBJC_ISA_USAGE = YES_ERROR;
				CLANG_WARN_DOCUMENTATION_COMMENTS = YES;
				CLANG_WARN_EMPTY_BODY = YES;
				CLANG_WARN_ENUM_CONVERSION = YES;
				CLANG_WARN_INFINITE_RECURSION = YES;
				CLANG_WARN_INT_CONVERSION = YES;
				CLANG_WARN_NON_LITERAL_NULL_CONVERSION = YES;
				CLANG_WARN_OBJC_IMPLICIT_RETAIN_SELF = YES;
				CLANG_WARN_OBJC_LITERAL_CONVERSION = YES;
				CLANG_WARN_OBJC_ROOT_CLASS = YES_ERROR;
				CLANG_WARN_RANGE_LOOP_ANALYSIS = YES;
				CLANG_WARN_STRICT_PROTOTYPES = YES;
				CLANG_WARN_SUSPICIOUS_MOVE = YES;
				CLANG_WARN_UNGUARDED_AVAILABILITY = YES_AGGRESSIVE;
				CLANG_WARN_UNREACHABLE_CODE = YES;
				CLANG_WARN__DUPLICATE_METHOD_MATCH = YES;
				CODE_SIGN_STYLE = Automatic;
				COPY_PHASE_STRIP = NO;
				DEBUG_INFORMATION_FORMAT = dwarf;
				DEVELOPMENT_TEAM = 38R2LLP8AF;
				ENABLE_STRICT_OBJC_MSGSEND = YES;
				ENABLE_TESTABILITY = YES;
				GCC_C_LANGUAGE_STANDARD = gnu11;
				GCC_DYNAMIC_NO_PIC = NO;
				GCC_NO_COMMON_BLOCKS = YES;
				GCC_OPTIMIZATION_LEVEL = 0;
				GCC_PREPROCESSOR_DEFINITIONS = (
					"DEBUG=1",
					"$(inherited)",
				);
				GCC_WARN_64_TO_32_BIT_CONVERSION = YES;
				GCC_WARN_ABOUT_RETURN_TYPE = YES_ERROR;
				GCC_WARN_UNDECLARED_SELECTOR = YES;
				GCC_WARN_UNINITIALIZED_AUTOS = YES_AGGRESSIVE;
				GCC_WARN_UNUSED_FUNCTION = YES;
				GCC_WARN_UNUSED_VARIABLE = YES;
				INFOPLIST_FILE = "Test Host/Info.plist";
				IPHONEOS_DEPLOYMENT_TARGET = 13.0;
				LD_RUNPATH_SEARCH_PATHS = (
					"$(inherited)",
					"@executable_path/Frameworks",
				);
				MTL_ENABLE_DEBUG_INFO = INCLUDE_SOURCE;
				MTL_FAST_MATH = YES;
				ONLY_ACTIVE_ARCH = YES;
				PRODUCT_BUNDLE_IDENTIFIER = "com.example.${DEVELOPMENT_TEAM}.Test-Host";
				PRODUCT_NAME = "$(TARGET_NAME)";
				SDKROOT = iphoneos;
				SWIFT_ACTIVE_COMPILATION_CONDITIONS = DEBUG;
				SWIFT_OPTIMIZATION_LEVEL = "-Onone";
				SWIFT_VERSION = 5.0;
				TARGETED_DEVICE_FAMILY = "1,2";
			};
			name = Debug;
		};
		915C8AD0234385DA00746E7E /* Release */ = {
			isa = XCBuildConfiguration;
			buildSettings = {
				ALWAYS_SEARCH_USER_PATHS = NO;
				ASSETCATALOG_COMPILER_APPICON_NAME = AppIcon;
				CLANG_ANALYZER_NONNULL = YES;
				CLANG_ANALYZER_NUMBER_OBJECT_CONVERSION = YES_AGGRESSIVE;
				CLANG_CXX_LANGUAGE_STANDARD = "gnu++14";
				CLANG_CXX_LIBRARY = "libc++";
				CLANG_ENABLE_MODULES = YES;
				CLANG_ENABLE_OBJC_ARC = YES;
				CLANG_ENABLE_OBJC_WEAK = YES;
				CLANG_WARN_BLOCK_CAPTURE_AUTORELEASING = YES;
				CLANG_WARN_BOOL_CONVERSION = YES;
				CLANG_WARN_COMMA = YES;
				CLANG_WARN_CONSTANT_CONVERSION = YES;
				CLANG_WARN_DEPRECATED_OBJC_IMPLEMENTATIONS = YES;
				CLANG_WARN_DIRECT_OBJC_ISA_USAGE = YES_ERROR;
				CLANG_WARN_DOCUMENTATION_COMMENTS = YES;
				CLANG_WARN_EMPTY_BODY = YES;
				CLANG_WARN_ENUM_CONVERSION = YES;
				CLANG_WARN_INFINITE_RECURSION = YES;
				CLANG_WARN_INT_CONVERSION = YES;
				CLANG_WARN_NON_LITERAL_NULL_CONVERSION = YES;
				CLANG_WARN_OBJC_IMPLICIT_RETAIN_SELF = YES;
				CLANG_WARN_OBJC_LITERAL_CONVERSION = YES;
				CLANG_WARN_OBJC_ROOT_CLASS = YES_ERROR;
				CLANG_WARN_RANGE_LOOP_ANALYSIS = YES;
				CLANG_WARN_STRICT_PROTOTYPES = YES;
				CLANG_WARN_SUSPICIOUS_MOVE = YES;
				CLANG_WARN_UNGUARDED_AVAILABILITY = YES_AGGRESSIVE;
				CLANG_WARN_UNREACHABLE_CODE = YES;
				CLANG_WARN__DUPLICATE_METHOD_MATCH = YES;
				CODE_SIGN_STYLE = Automatic;
				COPY_PHASE_STRIP = NO;
				DEBUG_INFORMATION_FORMAT = "dwarf-with-dsym";
				DEVELOPMENT_TEAM = 38R2LLP8AF;
				ENABLE_NS_ASSERTIONS = NO;
				ENABLE_STRICT_OBJC_MSGSEND = YES;
				GCC_C_LANGUAGE_STANDARD = gnu11;
				GCC_NO_COMMON_BLOCKS = YES;
				GCC_WARN_64_TO_32_BIT_CONVERSION = YES;
				GCC_WARN_ABOUT_RETURN_TYPE = YES_ERROR;
				GCC_WARN_UNDECLARED_SELECTOR = YES;
				GCC_WARN_UNINITIALIZED_AUTOS = YES_AGGRESSIVE;
				GCC_WARN_UNUSED_FUNCTION = YES;
				GCC_WARN_UNUSED_VARIABLE = YES;
				INFOPLIST_FILE = "Test Host/Info.plist";
				IPHONEOS_DEPLOYMENT_TARGET = 13.0;
				LD_RUNPATH_SEARCH_PATHS = (
					"$(inherited)",
					"@executable_path/Frameworks",
				);
				MTL_ENABLE_DEBUG_INFO = NO;
				MTL_FAST_MATH = YES;
				PRODUCT_BUNDLE_IDENTIFIER = "com.example.${DEVELOPMENT_TEAM}.Test-Host";
				PRODUCT_NAME = "$(TARGET_NAME)";
				SDKROOT = iphoneos;
				SWIFT_COMPILATION_MODE = wholemodule;
				SWIFT_OPTIMIZATION_LEVEL = "-O";
				SWIFT_VERSION = 5.0;
				TARGETED_DEVICE_FAMILY = "1,2";
				VALIDATE_PRODUCT = YES;
			};
			name = Release;
		};
/* End XCBuildConfiguration section */

/* Begin XCConfigurationList section */
		915C8A3C2343724A00746E7E /* Build configuration list for PBXProject "SDK" */ = {
			isa = XCConfigurationList;
			buildConfigurations = (
				915C8A3D2343724A00746E7E /* Debug */,
				915C8A3E2343724A00746E7E /* Release */,
			);
			defaultConfigurationIsVisible = 0;
			defaultConfigurationName = Release;
		};
		915C8A7D23437B4500746E7E /* Build configuration list for PBXNativeTarget "Unit Tests" */ = {
			isa = XCConfigurationList;
			buildConfigurations = (
				915C8A7E23437B4500746E7E /* Debug */,
				915C8A7F23437B4500746E7E /* Release */,
			);
			defaultConfigurationIsVisible = 0;
			defaultConfigurationName = Release;
		};
		915C8AB3234384FD00746E7E /* Build configuration list for PBXNativeTarget "Yieldprobe" */ = {
			isa = XCConfigurationList;
			buildConfigurations = (
				915C8AB4234384FD00746E7E /* Debug */,
				915C8AB5234384FD00746E7E /* Release */,
			);
			defaultConfigurationIsVisible = 0;
			defaultConfigurationName = Release;
		};
		915C8ACE234385DA00746E7E /* Build configuration list for PBXNativeTarget "Test Host" */ = {
			isa = XCConfigurationList;
			buildConfigurations = (
				915C8ACF234385DA00746E7E /* Debug */,
				915C8AD0234385DA00746E7E /* Release */,
			);
			defaultConfigurationIsVisible = 0;
			defaultConfigurationName = Release;
		};
/* End XCConfigurationList section */
	};
	rootObject = 915C8A392343724A00746E7E /* Project object */;
}
